// !$*UTF8*$!
{
	archiveVersion = 1;
	classes = {
	};
	objectVersion = 56;
	objects = {

/* Begin PBXBuildFile section */
		290858822C9BDDA800A59C8B /* UserManagementService.swift in Sources */ = {isa = PBXBuildFile; fileRef = 290858812C9BDDA800A59C8B /* UserManagementService.swift */; };
		290858852C9C1B2800A59C8B /* RegisterUserErrorType.swift in Sources */ = {isa = PBXBuildFile; fileRef = 290858842C9C1B2800A59C8B /* RegisterUserErrorType.swift */; };
		291DFE192CA4FA3B0019A851 /* AddTaskTableViewController.swift in Sources */ = {isa = PBXBuildFile; fileRef = 291DFE182CA4FA3B0019A851 /* AddTaskTableViewController.swift */; };
		292D73F92C94460E0069A2B1 /* TodoViewController.swift in Sources */ = {isa = PBXBuildFile; fileRef = 292D73F82C94460E0069A2B1 /* TodoViewController.swift */; };
		292D73FB2C9446420069A2B1 /* FeedViewController.swift in Sources */ = {isa = PBXBuildFile; fileRef = 292D73FA2C9446420069A2B1 /* FeedViewController.swift */; };
		2947C3682C9051BF00C9C3FF /* AppDelegate.swift in Sources */ = {isa = PBXBuildFile; fileRef = 2947C3672C9051BF00C9C3FF /* AppDelegate.swift */; };
		2947C36A2C9051BF00C9C3FF /* SceneDelegate.swift in Sources */ = {isa = PBXBuildFile; fileRef = 2947C3692C9051BF00C9C3FF /* SceneDelegate.swift */; };
		2947C36F2C9051BF00C9C3FF /* Base in Resources */ = {isa = PBXBuildFile; fileRef = 2947C36E2C9051BF00C9C3FF /* Base */; };
		2947C3712C9051C000C9C3FF /* Assets.xcassets in Resources */ = {isa = PBXBuildFile; fileRef = 2947C3702C9051C000C9C3FF /* Assets.xcassets */; };
		2947C3742C9051C000C9C3FF /* Base in Resources */ = {isa = PBXBuildFile; fileRef = 2947C3732C9051C000C9C3FF /* Base */; };
		294E3CC92CAA6B92008DF4D7 /* TaskListTableViewController.swift in Sources */ = {isa = PBXBuildFile; fileRef = 294E3CC82CAA6B92008DF4D7 /* TaskListTableViewController.swift */; };
		294E3CCC2CAA6BED008DF4D7 /* TaskListTableViewCell.swift in Sources */ = {isa = PBXBuildFile; fileRef = 294E3CCB2CAA6BED008DF4D7 /* TaskListTableViewCell.swift */; };
		294E3CCE2CAA7A1A008DF4D7 /* TaskListViewModel.swift in Sources */ = {isa = PBXBuildFile; fileRef = 294E3CCD2CAA7A1A008DF4D7 /* TaskListViewModel.swift */; };
		294E3CD02CAA9CAE008DF4D7 /* UITableView.swift in Sources */ = {isa = PBXBuildFile; fileRef = 294E3CCF2CAA9CAE008DF4D7 /* UITableView.swift */; };
		294E3CD42CAAADE7008DF4D7 /* AddTaskViewModel.swift in Sources */ = {isa = PBXBuildFile; fileRef = 294E3CD32CAAADE7008DF4D7 /* AddTaskViewModel.swift */; };
		297086EB2C992A510031F478 /* UIAlertController.swift in Sources */ = {isa = PBXBuildFile; fileRef = 297086EA2C992A510031F478 /* UIAlertController.swift */; };
		297086EE2C993C360031F478 /* EmailAuthViewController.swift in Sources */ = {isa = PBXBuildFile; fileRef = 297086ED2C993C360031F478 /* EmailAuthViewController.swift */; };
		2971EBDB2CA517C8005B4124 /* EditTaskDetailTableViewController.swift in Sources */ = {isa = PBXBuildFile; fileRef = 2971EBDA2CA517C8005B4124 /* EditTaskDetailTableViewController.swift */; };
		299AC7002CA1007900608361 /* ChangePasswordSuccessViewController.swift in Sources */ = {isa = PBXBuildFile; fileRef = 299AC6FE2CA1007900608361 /* ChangePasswordSuccessViewController.swift */; };
		299AC7012CA1007900608361 /* ChangePasswordSuccessViewController.xib in Resources */ = {isa = PBXBuildFile; fileRef = 299AC6FF2CA1007900608361 /* ChangePasswordSuccessViewController.xib */; };
		299AC7032CA10CDF00608361 /* ChangePasswordErrorType.swift in Sources */ = {isa = PBXBuildFile; fileRef = 299AC7022CA10CDF00608361 /* ChangePasswordErrorType.swift */; };
		299AC7062CA141E600608361 /* ChangeNameViewModel.swift in Sources */ = {isa = PBXBuildFile; fileRef = 299AC7052CA141E600608361 /* ChangeNameViewModel.swift */; };
		299F0A8F2CAE49CB00AD1589 /* TaskListTodoTableViewCell.swift in Sources */ = {isa = PBXBuildFile; fileRef = 299F0A8D2CAE49CB00AD1589 /* TaskListTodoTableViewCell.swift */; };
		299F0A902CAE49CB00AD1589 /* TaskListTodoTableViewCell.xib in Resources */ = {isa = PBXBuildFile; fileRef = 299F0A8E2CAE49CB00AD1589 /* TaskListTodoTableViewCell.xib */; };
		299F0A922CAE503900AD1589 /* TaskListDetailViewModel.swift in Sources */ = {isa = PBXBuildFile; fileRef = 299F0A912CAE503900AD1589 /* TaskListDetailViewModel.swift */; };
		29A0D05D2C9A79D0008B6E37 /* LoginUserViewModel.swift in Sources */ = {isa = PBXBuildFile; fileRef = 29A0D05C2C9A79D0008B6E37 /* LoginUserViewModel.swift */; };
		29A0D05F2C9A7A4B008B6E37 /* RegisterUserViewModel.swift in Sources */ = {isa = PBXBuildFile; fileRef = 29A0D05E2C9A7A4B008B6E37 /* RegisterUserViewModel.swift */; };
		29A0D0632C9A80F6008B6E37 /* EmailPasswordAuthService.swift in Sources */ = {isa = PBXBuildFile; fileRef = 29A0D0622C9A80F6008B6E37 /* EmailPasswordAuthService.swift */; };
		29A0D0652C9A8125008B6E37 /* GoogleAuthService.swift in Sources */ = {isa = PBXBuildFile; fileRef = 29A0D0642C9A8125008B6E37 /* GoogleAuthService.swift */; };
		29A0D0682C9A82A2008B6E37 /* GoogleSignIn in Frameworks */ = {isa = PBXBuildFile; productRef = 29A0D0672C9A82A2008B6E37 /* GoogleSignIn */; };
		29A0D06A2C9A82A2008B6E37 /* GoogleSignInSwift in Frameworks */ = {isa = PBXBuildFile; productRef = 29A0D0692C9A82A2008B6E37 /* GoogleSignInSwift */; };
		29A0D06D2C9A8B07008B6E37 /* NetworkMonitor.swift in Sources */ = {isa = PBXBuildFile; fileRef = 29A0D06C2C9A8B07008B6E37 /* NetworkMonitor.swift */; };
		29A0D0712C9AA8DE008B6E37 /* InternetUnavailableViewController.swift in Sources */ = {isa = PBXBuildFile; fileRef = 29A0D06F2C9AA8DE008B6E37 /* InternetUnavailableViewController.swift */; };
		29A0D0722C9AA8DE008B6E37 /* InternetUnavailableViewController.xib in Resources */ = {isa = PBXBuildFile; fileRef = 29A0D0702C9AA8DE008B6E37 /* InternetUnavailableViewController.xib */; };
		29A0D0792C9ACBE8008B6E37 /* RootViewController.swift in Sources */ = {isa = PBXBuildFile; fileRef = 29A0D0782C9ACBE8008B6E37 /* RootViewController.swift */; };
		29A0D07B2C9ACD64008B6E37 /* HomeTabBarController.swift in Sources */ = {isa = PBXBuildFile; fileRef = 29A0D07A2C9ACD64008B6E37 /* HomeTabBarController.swift */; };
		29A5DB3A2C995CC800862103 /* FirebaseAuth in Frameworks */ = {isa = PBXBuildFile; productRef = 29A5DB392C995CC800862103 /* FirebaseAuth */; };
		29A5DB3C2C995CC800862103 /* FirebaseFirestore in Frameworks */ = {isa = PBXBuildFile; productRef = 29A5DB3B2C995CC800862103 /* FirebaseFirestore */; };
		29A5DB3E2C995CC800862103 /* FirebaseStorage in Frameworks */ = {isa = PBXBuildFile; productRef = 29A5DB3D2C995CC800862103 /* FirebaseStorage */; };
		29A5DB402C995F0A00862103 /* GoogleService-Info.plist in Resources */ = {isa = PBXBuildFile; fileRef = 29A5DB3F2C995F0A00862103 /* GoogleService-Info.plist */; };
		29A5DB422C99671600862103 /* ChangePasswordViewController.swift in Sources */ = {isa = PBXBuildFile; fileRef = 29A5DB412C99671600862103 /* ChangePasswordViewController.swift */; };
		29A5DB452C9983F900862103 /* ChangeNameViewController.swift in Sources */ = {isa = PBXBuildFile; fileRef = 29A5DB442C9983F900862103 /* ChangeNameViewController.swift */; };
		29A88C7A2CA655DD00CE0662 /* DateShowType.swift in Sources */ = {isa = PBXBuildFile; fileRef = 29A88C792CA655DD00CE0662 /* DateShowType.swift */; };
		29A88C7C2CA662B400CE0662 /* DateFormatter.swift in Sources */ = {isa = PBXBuildFile; fileRef = 29A88C7B2CA662B400CE0662 /* DateFormatter.swift */; };
		29ABC07E2C93DB3B006FA486 /* UIViewExtension.swift in Sources */ = {isa = PBXBuildFile; fileRef = 29ABC07D2C93DB3B006FA486 /* UIViewExtension.swift */; };
		29ABC0802C93EB5E006FA486 /* UIButtonExtension.swift in Sources */ = {isa = PBXBuildFile; fileRef = 29ABC07F2C93EB5E006FA486 /* UIButtonExtension.swift */; };
		29ABC0822C940058006FA486 /* LoginUserViewController.swift in Sources */ = {isa = PBXBuildFile; fileRef = 29ABC0812C940058006FA486 /* LoginUserViewController.swift */; };
		29B184C72CA3AEC400A4EE06 /* ChooseTaskListViewController.swift in Sources */ = {isa = PBXBuildFile; fileRef = 29B184C62CA3AEC400A4EE06 /* ChooseTaskListViewController.swift */; };
		29B184CA2CA3CD3200A4EE06 /* CloudFirestoreService.swift in Sources */ = {isa = PBXBuildFile; fileRef = 29B184C92CA3CD3200A4EE06 /* CloudFirestoreService.swift */; };
		29B184CD2CA3D2AB00A4EE06 /* FirebaseFirestoreCombine-Community in Frameworks */ = {isa = PBXBuildFile; productRef = 29B184CC2CA3D2AB00A4EE06 /* FirebaseFirestoreCombine-Community */; };
		29B184CF2CA3E83700A4EE06 /* TaskList.swift in Sources */ = {isa = PBXBuildFile; fileRef = 29B184CE2CA3E83700A4EE06 /* TaskList.swift */; };
		29B184D12CA3E8CC00A4EE06 /* Todo.swift in Sources */ = {isa = PBXBuildFile; fileRef = 29B184D02CA3E8CC00A4EE06 /* Todo.swift */; };
		29B184D32CA4096A00A4EE06 /* PresentationController.swift in Sources */ = {isa = PBXBuildFile; fileRef = 29B184D22CA4096A00A4EE06 /* PresentationController.swift */; };
		29B5AB472C9D21860001D4E3 /* LoginUserErrorType.swift in Sources */ = {isa = PBXBuildFile; fileRef = 29B5AB462C9D21860001D4E3 /* LoginUserErrorType.swift */; };
		29B5AB4E2C9D58740001D4E3 /* ProfileViewModel.swift in Sources */ = {isa = PBXBuildFile; fileRef = 29B5AB4D2C9D58740001D4E3 /* ProfileViewModel.swift */; };
		29B75BE72CAB92DD00B388AE /* Poppins-Regular.ttf in Resources */ = {isa = PBXBuildFile; fileRef = 29B75BE62CAB92DD00B388AE /* Poppins-Regular.ttf */; };
		29B75BEA2CAB94D900B388AE /* ChooseTaskListTableViewCell.swift in Sources */ = {isa = PBXBuildFile; fileRef = 29B75BE92CAB94D900B388AE /* ChooseTaskListTableViewCell.swift */; };
		29C089352CA6928E00BAC69D /* AddTaskListTableViewController.swift in Sources */ = {isa = PBXBuildFile; fileRef = 29C089342CA6928E00BAC69D /* AddTaskListTableViewController.swift */; };
		29C089392CA6A53200BAC69D /* TaskListChooseColorCollectionViewCell.swift in Sources */ = {isa = PBXBuildFile; fileRef = 29C089372CA6A53200BAC69D /* TaskListChooseColorCollectionViewCell.swift */; };
		29C0893A2CA6A53200BAC69D /* TaskListChooseColorCollectionViewCell.xib in Resources */ = {isa = PBXBuildFile; fileRef = 29C089382CA6A53200BAC69D /* TaskListChooseColorCollectionViewCell.xib */; };
		29C0893C2CA6A7B000BAC69D /* UIColor.swift in Sources */ = {isa = PBXBuildFile; fileRef = 29C0893B2CA6A7B000BAC69D /* UIColor.swift */; };
		29C5859F2C9289CD00E26CC4 /* Poppins-Medium.ttf in Resources */ = {isa = PBXBuildFile; fileRef = 29C5859E2C9289CD00E26CC4 /* Poppins-Medium.ttf */; };
		29C585A12C9289E300E26CC4 /* Poppins-SemiBold.ttf in Resources */ = {isa = PBXBuildFile; fileRef = 29C585A02C9289E300E26CC4 /* Poppins-SemiBold.ttf */; };
		29C585A32C9289ED00E26CC4 /* Poppins-Light.ttf in Resources */ = {isa = PBXBuildFile; fileRef = 29C585A22C9289ED00E26CC4 /* Poppins-Light.ttf */; };
		29C585A72C9295D500E26CC4 /* OnBoardingViewController.swift in Sources */ = {isa = PBXBuildFile; fileRef = 29C585A62C9295D500E26CC4 /* OnBoardingViewController.swift */; };
		29C585AA2C929BA300E26CC4 /* OnboardingSlide.swift in Sources */ = {isa = PBXBuildFile; fileRef = 29C585A92C929BA300E26CC4 /* OnboardingSlide.swift */; };
		29C585AD2C92A5D300E26CC4 /* OnBoardingCollectionViewCell.swift in Sources */ = {isa = PBXBuildFile; fileRef = 29C585AB2C92A5D300E26CC4 /* OnBoardingCollectionViewCell.swift */; };
		29C585AE2C92A5D300E26CC4 /* OnBoardingCollectionViewCell.xib in Resources */ = {isa = PBXBuildFile; fileRef = 29C585AC2C92A5D300E26CC4 /* OnBoardingCollectionViewCell.xib */; };
		29C585B52C92D90400E26CC4 /* RegisterUserViewController.swift in Sources */ = {isa = PBXBuildFile; fileRef = 29C585B42C92D90400E26CC4 /* RegisterUserViewController.swift */; };
		29EA98362C97E1D8001DB26A /* UIImageView.swift in Sources */ = {isa = PBXBuildFile; fileRef = 29EA98352C97E1D8001DB26A /* UIImageView.swift */; };
		29EA98392C9820F1001DB26A /* AboutUsSwiftUIView.swift in Sources */ = {isa = PBXBuildFile; fileRef = 29EA98382C9820F1001DB26A /* AboutUsSwiftUIView.swift */; };
		29FF84F72CA29B6400673602 /* UISegmentedControl.swift in Sources */ = {isa = PBXBuildFile; fileRef = 29FF84F62CA29B6400673602 /* UISegmentedControl.swift */; };
		29FF84FC2CA2B64E00673602 /* UIBarButtonItem.swift in Sources */ = {isa = PBXBuildFile; fileRef = 29FF84FB2CA2B64E00673602 /* UIBarButtonItem.swift */; };
		661E069A2C9EFD3200D54656 /* ChangePasswordViewModel.swift in Sources */ = {isa = PBXBuildFile; fileRef = 661E06992C9EFD3200D54656 /* ChangePasswordViewModel.swift */; };
		662E1E6F2C91B3B300CBA8B3 /* BaseViewController.swift in Sources */ = {isa = PBXBuildFile; fileRef = 662E1E6E2C91B3B300CBA8B3 /* BaseViewController.swift */; };
		662E1E842C91B7A000CBA8B3 /* TaskDetailViewController.xib in Resources */ = {isa = PBXBuildFile; fileRef = 662E1E832C91B7A000CBA8B3 /* TaskDetailViewController.xib */; };
		662E1E852C91B7A000CBA8B3 /* TaskDetailViewController.swift in Sources */ = {isa = PBXBuildFile; fileRef = 662E1E822C91B7A000CBA8B3 /* TaskDetailViewController.swift */; };
		6637FBD02CAC3050008902FE /* TaskTableViewCell.swift in Sources */ = {isa = PBXBuildFile; fileRef = 6637FBCF2CAC3050008902FE /* TaskTableViewCell.swift */; };
		6637FBD22CAC60B4008902FE /* Date.swift in Sources */ = {isa = PBXBuildFile; fileRef = 6637FBD12CAC60B4008902FE /* Date.swift */; };
		666B687B2C952D94003212AC /* ProfileViewController.swift in Sources */ = {isa = PBXBuildFile; fileRef = 666B687A2C952D94003212AC /* ProfileViewController.swift */; };
		668940172C9FD0200099AC20 /* SignInMethod.swift in Sources */ = {isa = PBXBuildFile; fileRef = 668940162C9FD0200099AC20 /* SignInMethod.swift */; };
		669075C82CA93A31001E3B63 /* AddTaskListViewModel.swift in Sources */ = {isa = PBXBuildFile; fileRef = 669075C72CA93A31001E3B63 /* AddTaskListViewModel.swift */; };
		669075CB2CA94991001E3B63 /* String.swift in Sources */ = {isa = PBXBuildFile; fileRef = 669075CA2CA94991001E3B63 /* String.swift */; };
		669075D42CA960C2001E3B63 /* TaskListDetailViewController.swift in Sources */ = {isa = PBXBuildFile; fileRef = 669075D22CA960C2001E3B63 /* TaskListDetailViewController.swift */; };
		669075D52CA960C2001E3B63 /* TaskListDetailViewController.xib in Resources */ = {isa = PBXBuildFile; fileRef = 669075D32CA960C2001E3B63 /* TaskListDetailViewController.xib */; };
		669BA2122CAAE29A001083FA /* TodoViewModel.swift in Sources */ = {isa = PBXBuildFile; fileRef = 669BA2112CAAE29A001083FA /* TodoViewModel.swift */; };
/* End PBXBuildFile section */

/* Begin PBXFileReference section */
		290858812C9BDDA800A59C8B /* UserManagementService.swift */ = {isa = PBXFileReference; lastKnownFileType = sourcecode.swift; path = UserManagementService.swift; sourceTree = "<group>"; };
		290858842C9C1B2800A59C8B /* RegisterUserErrorType.swift */ = {isa = PBXFileReference; lastKnownFileType = sourcecode.swift; path = RegisterUserErrorType.swift; sourceTree = "<group>"; };
		291DFE182CA4FA3B0019A851 /* AddTaskTableViewController.swift */ = {isa = PBXFileReference; lastKnownFileType = sourcecode.swift; path = AddTaskTableViewController.swift; sourceTree = "<group>"; };
		292D73F82C94460E0069A2B1 /* TodoViewController.swift */ = {isa = PBXFileReference; lastKnownFileType = sourcecode.swift; path = TodoViewController.swift; sourceTree = "<group>"; };
		292D73FA2C9446420069A2B1 /* FeedViewController.swift */ = {isa = PBXFileReference; lastKnownFileType = sourcecode.swift; path = FeedViewController.swift; sourceTree = "<group>"; };
		2947C3642C9051BF00C9C3FF /* Remind Me.app */ = {isa = PBXFileReference; explicitFileType = wrapper.application; includeInIndex = 0; path = "Remind Me.app"; sourceTree = BUILT_PRODUCTS_DIR; };
		2947C3672C9051BF00C9C3FF /* AppDelegate.swift */ = {isa = PBXFileReference; lastKnownFileType = sourcecode.swift; path = AppDelegate.swift; sourceTree = "<group>"; };
		2947C3692C9051BF00C9C3FF /* SceneDelegate.swift */ = {isa = PBXFileReference; lastKnownFileType = sourcecode.swift; path = SceneDelegate.swift; sourceTree = "<group>"; };
		2947C36E2C9051BF00C9C3FF /* Base */ = {isa = PBXFileReference; lastKnownFileType = file.storyboard; name = Base; path = Base.lproj/Main.storyboard; sourceTree = "<group>"; };
		2947C3702C9051C000C9C3FF /* Assets.xcassets */ = {isa = PBXFileReference; lastKnownFileType = folder.assetcatalog; path = Assets.xcassets; sourceTree = "<group>"; };
		2947C3732C9051C000C9C3FF /* Base */ = {isa = PBXFileReference; lastKnownFileType = file.storyboard; name = Base; path = Base.lproj/LaunchScreen.storyboard; sourceTree = "<group>"; };
		2947C3752C9051C000C9C3FF /* Info.plist */ = {isa = PBXFileReference; lastKnownFileType = text.plist.xml; path = Info.plist; sourceTree = "<group>"; };
		294E3CC82CAA6B92008DF4D7 /* TaskListTableViewController.swift */ = {isa = PBXFileReference; lastKnownFileType = sourcecode.swift; path = TaskListTableViewController.swift; sourceTree = "<group>"; };
		294E3CCB2CAA6BED008DF4D7 /* TaskListTableViewCell.swift */ = {isa = PBXFileReference; lastKnownFileType = sourcecode.swift; path = TaskListTableViewCell.swift; sourceTree = "<group>"; };
		294E3CCD2CAA7A1A008DF4D7 /* TaskListViewModel.swift */ = {isa = PBXFileReference; lastKnownFileType = sourcecode.swift; path = TaskListViewModel.swift; sourceTree = "<group>"; };
		294E3CCF2CAA9CAE008DF4D7 /* UITableView.swift */ = {isa = PBXFileReference; lastKnownFileType = sourcecode.swift; path = UITableView.swift; sourceTree = "<group>"; };
		294E3CD32CAAADE7008DF4D7 /* AddTaskViewModel.swift */ = {isa = PBXFileReference; lastKnownFileType = sourcecode.swift; path = AddTaskViewModel.swift; sourceTree = "<group>"; };
		297086EA2C992A510031F478 /* UIAlertController.swift */ = {isa = PBXFileReference; lastKnownFileType = sourcecode.swift; path = UIAlertController.swift; sourceTree = "<group>"; };
		297086ED2C993C360031F478 /* EmailAuthViewController.swift */ = {isa = PBXFileReference; lastKnownFileType = sourcecode.swift; path = EmailAuthViewController.swift; sourceTree = "<group>"; };
		2971EBDA2CA517C8005B4124 /* EditTaskDetailTableViewController.swift */ = {isa = PBXFileReference; lastKnownFileType = sourcecode.swift; path = EditTaskDetailTableViewController.swift; sourceTree = "<group>"; };
		299AC6FE2CA1007900608361 /* ChangePasswordSuccessViewController.swift */ = {isa = PBXFileReference; lastKnownFileType = sourcecode.swift; path = ChangePasswordSuccessViewController.swift; sourceTree = "<group>"; };
		299AC6FF2CA1007900608361 /* ChangePasswordSuccessViewController.xib */ = {isa = PBXFileReference; lastKnownFileType = file.xib; path = ChangePasswordSuccessViewController.xib; sourceTree = "<group>"; };
		299AC7022CA10CDF00608361 /* ChangePasswordErrorType.swift */ = {isa = PBXFileReference; lastKnownFileType = sourcecode.swift; path = ChangePasswordErrorType.swift; sourceTree = "<group>"; };
		299AC7052CA141E600608361 /* ChangeNameViewModel.swift */ = {isa = PBXFileReference; lastKnownFileType = sourcecode.swift; path = ChangeNameViewModel.swift; sourceTree = "<group>"; };
		299F0A8D2CAE49CB00AD1589 /* TaskListTodoTableViewCell.swift */ = {isa = PBXFileReference; lastKnownFileType = sourcecode.swift; path = TaskListTodoTableViewCell.swift; sourceTree = "<group>"; };
		299F0A8E2CAE49CB00AD1589 /* TaskListTodoTableViewCell.xib */ = {isa = PBXFileReference; lastKnownFileType = file.xib; path = TaskListTodoTableViewCell.xib; sourceTree = "<group>"; };
		299F0A912CAE503900AD1589 /* TaskListDetailViewModel.swift */ = {isa = PBXFileReference; lastKnownFileType = sourcecode.swift; path = TaskListDetailViewModel.swift; sourceTree = "<group>"; };
		29A0D05C2C9A79D0008B6E37 /* LoginUserViewModel.swift */ = {isa = PBXFileReference; lastKnownFileType = sourcecode.swift; path = LoginUserViewModel.swift; sourceTree = "<group>"; };
		29A0D05E2C9A7A4B008B6E37 /* RegisterUserViewModel.swift */ = {isa = PBXFileReference; lastKnownFileType = sourcecode.swift; path = RegisterUserViewModel.swift; sourceTree = "<group>"; };
		29A0D0622C9A80F6008B6E37 /* EmailPasswordAuthService.swift */ = {isa = PBXFileReference; lastKnownFileType = sourcecode.swift; path = EmailPasswordAuthService.swift; sourceTree = "<group>"; };
		29A0D0642C9A8125008B6E37 /* GoogleAuthService.swift */ = {isa = PBXFileReference; lastKnownFileType = sourcecode.swift; path = GoogleAuthService.swift; sourceTree = "<group>"; };
		29A0D06C2C9A8B07008B6E37 /* NetworkMonitor.swift */ = {isa = PBXFileReference; lastKnownFileType = sourcecode.swift; path = NetworkMonitor.swift; sourceTree = "<group>"; };
		29A0D06F2C9AA8DE008B6E37 /* InternetUnavailableViewController.swift */ = {isa = PBXFileReference; lastKnownFileType = sourcecode.swift; path = InternetUnavailableViewController.swift; sourceTree = "<group>"; };
		29A0D0702C9AA8DE008B6E37 /* InternetUnavailableViewController.xib */ = {isa = PBXFileReference; lastKnownFileType = file.xib; path = InternetUnavailableViewController.xib; sourceTree = "<group>"; };
		29A0D0782C9ACBE8008B6E37 /* RootViewController.swift */ = {isa = PBXFileReference; lastKnownFileType = sourcecode.swift; path = RootViewController.swift; sourceTree = "<group>"; };
		29A0D07A2C9ACD64008B6E37 /* HomeTabBarController.swift */ = {isa = PBXFileReference; lastKnownFileType = sourcecode.swift; path = HomeTabBarController.swift; sourceTree = "<group>"; };
		29A5DB3F2C995F0A00862103 /* GoogleService-Info.plist */ = {isa = PBXFileReference; fileEncoding = 4; lastKnownFileType = text.plist.xml; path = "GoogleService-Info.plist"; sourceTree = "<group>"; };
		29A5DB412C99671600862103 /* ChangePasswordViewController.swift */ = {isa = PBXFileReference; lastKnownFileType = sourcecode.swift; path = ChangePasswordViewController.swift; sourceTree = "<group>"; };
		29A5DB442C9983F900862103 /* ChangeNameViewController.swift */ = {isa = PBXFileReference; lastKnownFileType = sourcecode.swift; path = ChangeNameViewController.swift; sourceTree = "<group>"; };
		29A88C792CA655DD00CE0662 /* DateShowType.swift */ = {isa = PBXFileReference; lastKnownFileType = sourcecode.swift; path = DateShowType.swift; sourceTree = "<group>"; };
		29A88C7B2CA662B400CE0662 /* DateFormatter.swift */ = {isa = PBXFileReference; lastKnownFileType = sourcecode.swift; path = DateFormatter.swift; sourceTree = "<group>"; };
		29ABC07D2C93DB3B006FA486 /* UIViewExtension.swift */ = {isa = PBXFileReference; lastKnownFileType = sourcecode.swift; path = UIViewExtension.swift; sourceTree = "<group>"; };
		29ABC07F2C93EB5E006FA486 /* UIButtonExtension.swift */ = {isa = PBXFileReference; lastKnownFileType = sourcecode.swift; path = UIButtonExtension.swift; sourceTree = "<group>"; };
		29ABC0812C940058006FA486 /* LoginUserViewController.swift */ = {isa = PBXFileReference; lastKnownFileType = sourcecode.swift; path = LoginUserViewController.swift; sourceTree = "<group>"; };
		29B184C62CA3AEC400A4EE06 /* ChooseTaskListViewController.swift */ = {isa = PBXFileReference; lastKnownFileType = sourcecode.swift; path = ChooseTaskListViewController.swift; sourceTree = "<group>"; };
		29B184C92CA3CD3200A4EE06 /* CloudFirestoreService.swift */ = {isa = PBXFileReference; lastKnownFileType = sourcecode.swift; path = CloudFirestoreService.swift; sourceTree = "<group>"; };
		29B184CE2CA3E83700A4EE06 /* TaskList.swift */ = {isa = PBXFileReference; lastKnownFileType = sourcecode.swift; path = TaskList.swift; sourceTree = "<group>"; };
		29B184D02CA3E8CC00A4EE06 /* Todo.swift */ = {isa = PBXFileReference; lastKnownFileType = sourcecode.swift; path = Todo.swift; sourceTree = "<group>"; };
		29B184D22CA4096A00A4EE06 /* PresentationController.swift */ = {isa = PBXFileReference; fileEncoding = 4; lastKnownFileType = sourcecode.swift; path = PresentationController.swift; sourceTree = "<group>"; };
		29B5AB462C9D21860001D4E3 /* LoginUserErrorType.swift */ = {isa = PBXFileReference; lastKnownFileType = sourcecode.swift; path = LoginUserErrorType.swift; sourceTree = "<group>"; };
		29B5AB4D2C9D58740001D4E3 /* ProfileViewModel.swift */ = {isa = PBXFileReference; lastKnownFileType = sourcecode.swift; path = ProfileViewModel.swift; sourceTree = "<group>"; };
		29B75BE62CAB92DD00B388AE /* Poppins-Regular.ttf */ = {isa = PBXFileReference; lastKnownFileType = file; path = "Poppins-Regular.ttf"; sourceTree = "<group>"; };
		29B75BE92CAB94D900B388AE /* ChooseTaskListTableViewCell.swift */ = {isa = PBXFileReference; lastKnownFileType = sourcecode.swift; path = ChooseTaskListTableViewCell.swift; sourceTree = "<group>"; };
		29C089342CA6928E00BAC69D /* AddTaskListTableViewController.swift */ = {isa = PBXFileReference; lastKnownFileType = sourcecode.swift; path = AddTaskListTableViewController.swift; sourceTree = "<group>"; };
		29C089372CA6A53200BAC69D /* TaskListChooseColorCollectionViewCell.swift */ = {isa = PBXFileReference; lastKnownFileType = sourcecode.swift; path = TaskListChooseColorCollectionViewCell.swift; sourceTree = "<group>"; };
		29C089382CA6A53200BAC69D /* TaskListChooseColorCollectionViewCell.xib */ = {isa = PBXFileReference; lastKnownFileType = file.xib; path = TaskListChooseColorCollectionViewCell.xib; sourceTree = "<group>"; };
		29C0893B2CA6A7B000BAC69D /* UIColor.swift */ = {isa = PBXFileReference; lastKnownFileType = sourcecode.swift; path = UIColor.swift; sourceTree = "<group>"; };
		29C5859E2C9289CD00E26CC4 /* Poppins-Medium.ttf */ = {isa = PBXFileReference; lastKnownFileType = file; path = "Poppins-Medium.ttf"; sourceTree = "<group>"; };
		29C585A02C9289E300E26CC4 /* Poppins-SemiBold.ttf */ = {isa = PBXFileReference; lastKnownFileType = file; path = "Poppins-SemiBold.ttf"; sourceTree = "<group>"; };
		29C585A22C9289ED00E26CC4 /* Poppins-Light.ttf */ = {isa = PBXFileReference; lastKnownFileType = file; path = "Poppins-Light.ttf"; sourceTree = "<group>"; };
		29C585A62C9295D500E26CC4 /* OnBoardingViewController.swift */ = {isa = PBXFileReference; lastKnownFileType = sourcecode.swift; path = OnBoardingViewController.swift; sourceTree = "<group>"; };
		29C585A92C929BA300E26CC4 /* OnboardingSlide.swift */ = {isa = PBXFileReference; lastKnownFileType = sourcecode.swift; path = OnboardingSlide.swift; sourceTree = "<group>"; };
		29C585AB2C92A5D300E26CC4 /* OnBoardingCollectionViewCell.swift */ = {isa = PBXFileReference; lastKnownFileType = sourcecode.swift; path = OnBoardingCollectionViewCell.swift; sourceTree = "<group>"; };
		29C585AC2C92A5D300E26CC4 /* OnBoardingCollectionViewCell.xib */ = {isa = PBXFileReference; lastKnownFileType = file.xib; path = OnBoardingCollectionViewCell.xib; sourceTree = "<group>"; };
		29C585B42C92D90400E26CC4 /* RegisterUserViewController.swift */ = {isa = PBXFileReference; lastKnownFileType = sourcecode.swift; path = RegisterUserViewController.swift; sourceTree = "<group>"; };
		29EA98352C97E1D8001DB26A /* UIImageView.swift */ = {isa = PBXFileReference; lastKnownFileType = sourcecode.swift; path = UIImageView.swift; sourceTree = "<group>"; };
		29EA98382C9820F1001DB26A /* AboutUsSwiftUIView.swift */ = {isa = PBXFileReference; lastKnownFileType = sourcecode.swift; path = AboutUsSwiftUIView.swift; sourceTree = "<group>"; };
		29FF84F62CA29B6400673602 /* UISegmentedControl.swift */ = {isa = PBXFileReference; lastKnownFileType = sourcecode.swift; path = UISegmentedControl.swift; sourceTree = "<group>"; };
		29FF84FB2CA2B64E00673602 /* UIBarButtonItem.swift */ = {isa = PBXFileReference; lastKnownFileType = sourcecode.swift; path = UIBarButtonItem.swift; sourceTree = "<group>"; };
		661E06992C9EFD3200D54656 /* ChangePasswordViewModel.swift */ = {isa = PBXFileReference; lastKnownFileType = sourcecode.swift; path = ChangePasswordViewModel.swift; sourceTree = "<group>"; };
		662E1E6E2C91B3B300CBA8B3 /* BaseViewController.swift */ = {isa = PBXFileReference; lastKnownFileType = sourcecode.swift; path = BaseViewController.swift; sourceTree = "<group>"; };
		662E1E822C91B7A000CBA8B3 /* TaskDetailViewController.swift */ = {isa = PBXFileReference; lastKnownFileType = sourcecode.swift; path = TaskDetailViewController.swift; sourceTree = "<group>"; };
		662E1E832C91B7A000CBA8B3 /* TaskDetailViewController.xib */ = {isa = PBXFileReference; lastKnownFileType = file.xib; path = TaskDetailViewController.xib; sourceTree = "<group>"; };
		6637FBCF2CAC3050008902FE /* TaskTableViewCell.swift */ = {isa = PBXFileReference; lastKnownFileType = sourcecode.swift; path = TaskTableViewCell.swift; sourceTree = "<group>"; };
		6637FBD12CAC60B4008902FE /* Date.swift */ = {isa = PBXFileReference; lastKnownFileType = sourcecode.swift; path = Date.swift; sourceTree = "<group>"; };
		666B687A2C952D94003212AC /* ProfileViewController.swift */ = {isa = PBXFileReference; lastKnownFileType = sourcecode.swift; path = ProfileViewController.swift; sourceTree = "<group>"; };
		668940162C9FD0200099AC20 /* SignInMethod.swift */ = {isa = PBXFileReference; lastKnownFileType = sourcecode.swift; path = SignInMethod.swift; sourceTree = "<group>"; };
		669075C72CA93A31001E3B63 /* AddTaskListViewModel.swift */ = {isa = PBXFileReference; lastKnownFileType = sourcecode.swift; path = AddTaskListViewModel.swift; sourceTree = "<group>"; };
		669075CA2CA94991001E3B63 /* String.swift */ = {isa = PBXFileReference; lastKnownFileType = sourcecode.swift; path = String.swift; sourceTree = "<group>"; };
		669075D22CA960C2001E3B63 /* TaskListDetailViewController.swift */ = {isa = PBXFileReference; lastKnownFileType = sourcecode.swift; path = TaskListDetailViewController.swift; sourceTree = "<group>"; };
		669075D32CA960C2001E3B63 /* TaskListDetailViewController.xib */ = {isa = PBXFileReference; lastKnownFileType = file.xib; path = TaskListDetailViewController.xib; sourceTree = "<group>"; };
		669BA2112CAAE29A001083FA /* TodoViewModel.swift */ = {isa = PBXFileReference; lastKnownFileType = sourcecode.swift; path = TodoViewModel.swift; sourceTree = "<group>"; };
/* End PBXFileReference section */

/* Begin PBXFrameworksBuildPhase section */
		2947C3612C9051BF00C9C3FF /* Frameworks */ = {
			isa = PBXFrameworksBuildPhase;
			buildActionMask = 2147483647;
			files = (
				29A0D06A2C9A82A2008B6E37 /* GoogleSignInSwift in Frameworks */,
				29A5DB3A2C995CC800862103 /* FirebaseAuth in Frameworks */,
				29A0D0682C9A82A2008B6E37 /* GoogleSignIn in Frameworks */,
				29B184CD2CA3D2AB00A4EE06 /* FirebaseFirestoreCombine-Community in Frameworks */,
				29A5DB3C2C995CC800862103 /* FirebaseFirestore in Frameworks */,
				29A5DB3E2C995CC800862103 /* FirebaseStorage in Frameworks */,
			);
			runOnlyForDeploymentPostprocessing = 0;
		};
/* End PBXFrameworksBuildPhase section */

/* Begin PBXGroup section */
		290858832C9C1AFA00A59C8B /* ErrorType */ = {
			isa = PBXGroup;
			children = (
				290858842C9C1B2800A59C8B /* RegisterUserErrorType.swift */,
				29B5AB462C9D21860001D4E3 /* LoginUserErrorType.swift */,
				299AC7022CA10CDF00608361 /* ChangePasswordErrorType.swift */,
			);
			path = ErrorType;
			sourceTree = "<group>";
		};
		2947C35B2C9051BF00C9C3FF = {
			isa = PBXGroup;
			children = (
				2947C3662C9051BF00C9C3FF /* Remind Me */,
				2947C3652C9051BF00C9C3FF /* Products */,
				29B184CB2CA3D2AB00A4EE06 /* Frameworks */,
			);
			sourceTree = "<group>";
		};
		2947C3652C9051BF00C9C3FF /* Products */ = {
			isa = PBXGroup;
			children = (
				2947C3642C9051BF00C9C3FF /* Remind Me.app */,
			);
			name = Products;
			sourceTree = "<group>";
		};
		2947C3662C9051BF00C9C3FF /* Remind Me */ = {
			isa = PBXGroup;
			children = (
				29A0D06B2C9A8A96008B6E37 /* Network */,
				29A0D0602C9A7EA6008B6E37 /* FirebaseService */,
				2947C3672C9051BF00C9C3FF /* AppDelegate.swift */,
				2947C3692C9051BF00C9C3FF /* SceneDelegate.swift */,
				2947C36D2C9051BF00C9C3FF /* Main.storyboard */,
				29C585A82C929B6900E26CC4 /* Models */,
				662E1E702C91B3FC00CBA8B3 /* Views */,
				29A0D05A2C9A794E008B6E37 /* ViewModels */,
				29ABC07C2C93DAFB006FA486 /* Extensions */,
				662E1E6D2C91B39800CBA8B3 /* Ultilities */,
				662E1E712C91B41700CBA8B3 /* Resource */,
				2947C3722C9051C000C9C3FF /* LaunchScreen.storyboard */,
				29A5DB3F2C995F0A00862103 /* GoogleService-Info.plist */,
				2947C3752C9051C000C9C3FF /* Info.plist */,
			);
			path = "Remind Me";
			sourceTree = "<group>";
		};
		294E3CCA2CAA6BBE008DF4D7 /* TaskListTableViewCell */ = {
			isa = PBXGroup;
			children = (
				294E3CCB2CAA6BED008DF4D7 /* TaskListTableViewCell.swift */,
			);
			path = TaskListTableViewCell;
			sourceTree = "<group>";
		};
		294E3CD12CAAAD2B008DF4D7 /* ManageTask */ = {
			isa = PBXGroup;
			children = (
				294E3CD22CAAAD8E008DF4D7 /* AddTask */,
			);
			path = ManageTask;
			sourceTree = "<group>";
		};
		294E3CD22CAAAD8E008DF4D7 /* AddTask */ = {
			isa = PBXGroup;
			children = (
				294E3CD32CAAADE7008DF4D7 /* AddTaskViewModel.swift */,
			);
			path = AddTask;
			sourceTree = "<group>";
		};
		297086EC2C993B260031F478 /* ChangePassword */ = {
			isa = PBXGroup;
			children = (
				29A5DB412C99671600862103 /* ChangePasswordViewController.swift */,
				299AC6FE2CA1007900608361 /* ChangePasswordSuccessViewController.swift */,
				299AC6FF2CA1007900608361 /* ChangePasswordSuccessViewController.xib */,
			);
			path = ChangePassword;
			sourceTree = "<group>";
		};
		299AC7042CA141C200608361 /* ChangeName */ = {
			isa = PBXGroup;
			children = (
				299AC7052CA141E600608361 /* ChangeNameViewModel.swift */,
			);
			path = ChangeName;
			sourceTree = "<group>";
		};
		299F0A8C2CAE491200AD1589 /* TaskListTodoCell */ = {
			isa = PBXGroup;
			children = (
				299F0A8D2CAE49CB00AD1589 /* TaskListTodoTableViewCell.swift */,
				299F0A8E2CAE49CB00AD1589 /* TaskListTodoTableViewCell.xib */,
			);
			path = TaskListTodoCell;
			sourceTree = "<group>";
		};
		29A0D05A2C9A794E008B6E37 /* ViewModels */ = {
			isa = PBXGroup;
			children = (
				29A0D05B2C9A7985008B6E37 /* LoginRegisterUserFlow */,
				29B5AB482C9D54660001D4E3 /* ProfileFlow */,
				669075C62CA939E2001E3B63 /* TodoListFlow */,
			);
			path = ViewModels;
			sourceTree = "<group>";
		};
		29A0D05B2C9A7985008B6E37 /* LoginRegisterUserFlow */ = {
			isa = PBXGroup;
			children = (
				29A0D05C2C9A79D0008B6E37 /* LoginUserViewModel.swift */,
				29A0D05E2C9A7A4B008B6E37 /* RegisterUserViewModel.swift */,
			);
			path = LoginRegisterUserFlow;
			sourceTree = "<group>";
		};
		29A0D0602C9A7EA6008B6E37 /* FirebaseService */ = {
			isa = PBXGroup;
			children = (
				29B184C82CA3CD0B00A4EE06 /* CloudFirestore */,
				29A0D0612C9A7ED0008B6E37 /* Authentication */,
			);
			path = FirebaseService;
			sourceTree = "<group>";
		};
		29A0D0612C9A7ED0008B6E37 /* Authentication */ = {
			isa = PBXGroup;
			children = (
				29A0D0622C9A80F6008B6E37 /* EmailPasswordAuthService.swift */,
				29A0D0642C9A8125008B6E37 /* GoogleAuthService.swift */,
				290858812C9BDDA800A59C8B /* UserManagementService.swift */,
			);
			path = Authentication;
			sourceTree = "<group>";
		};
		29A0D06B2C9A8A96008B6E37 /* Network */ = {
			isa = PBXGroup;
			children = (
				29A0D06C2C9A8B07008B6E37 /* NetworkMonitor.swift */,
			);
			path = Network;
			sourceTree = "<group>";
		};
		29A0D06E2C9AA7A7008B6E37 /* ErrorHandleFlow */ = {
			isa = PBXGroup;
			children = (
				29A0D06F2C9AA8DE008B6E37 /* InternetUnavailableViewController.swift */,
				29A0D0702C9AA8DE008B6E37 /* InternetUnavailableViewController.xib */,
			);
			path = ErrorHandleFlow;
			sourceTree = "<group>";
		};
		29A5DB352C99466A00862103 /* ForgotPassword */ = {
			isa = PBXGroup;
			children = (
				297086ED2C993C360031F478 /* EmailAuthViewController.swift */,
			);
			path = ForgotPassword;
			sourceTree = "<group>";
		};
		29A5DB432C9983D000862103 /* ChangeName */ = {
			isa = PBXGroup;
			children = (
				29A5DB442C9983F900862103 /* ChangeNameViewController.swift */,
			);
			path = ChangeName;
			sourceTree = "<group>";
		};
		29ABC07C2C93DAFB006FA486 /* Extensions */ = {
			isa = PBXGroup;
			children = (
				29ABC07D2C93DB3B006FA486 /* UIViewExtension.swift */,
				29ABC07F2C93EB5E006FA486 /* UIButtonExtension.swift */,
				29EA98352C97E1D8001DB26A /* UIImageView.swift */,
				297086EA2C992A510031F478 /* UIAlertController.swift */,
				29FF84F62CA29B6400673602 /* UISegmentedControl.swift */,
				29FF84FB2CA2B64E00673602 /* UIBarButtonItem.swift */,
				29A88C7B2CA662B400CE0662 /* DateFormatter.swift */,
				29C0893B2CA6A7B000BAC69D /* UIColor.swift */,
				669075CA2CA94991001E3B63 /* String.swift */,
				294E3CCF2CAA9CAE008DF4D7 /* UITableView.swift */,
				6637FBD12CAC60B4008902FE /* Date.swift */,
			);
			path = Extensions;
			sourceTree = "<group>";
		};
		29B184C52CA3AE9200A4EE06 /* ChooseTaskList */ = {
			isa = PBXGroup;
			children = (
				29B184C62CA3AEC400A4EE06 /* ChooseTaskListViewController.swift */,
				29B75BE82CAB94A700B388AE /* ChooseTaskListCell */,
			);
			path = ChooseTaskList;
			sourceTree = "<group>";
		};
		29B184C82CA3CD0B00A4EE06 /* CloudFirestore */ = {
			isa = PBXGroup;
			children = (
				29B184C92CA3CD3200A4EE06 /* CloudFirestoreService.swift */,
			);
			path = CloudFirestore;
			sourceTree = "<group>";
		};
		29B184CB2CA3D2AB00A4EE06 /* Frameworks */ = {
			isa = PBXGroup;
			children = (
			);
			name = Frameworks;
			sourceTree = "<group>";
		};
		29B5AB482C9D54660001D4E3 /* ProfileFlow */ = {
			isa = PBXGroup;
			children = (
				29B5AB4D2C9D58740001D4E3 /* ProfileViewModel.swift */,
				299AC7042CA141C200608361 /* ChangeName */,
				661E06982C9EFD1400D54656 /* ChangePassword */,
			);
			path = ProfileFlow;
			sourceTree = "<group>";
		};
		29B75BE82CAB94A700B388AE /* ChooseTaskListCell */ = {
			isa = PBXGroup;
			children = (
				29B75BE92CAB94D900B388AE /* ChooseTaskListTableViewCell.swift */,
			);
			path = ChooseTaskListCell;
			sourceTree = "<group>";
		};
		29C089332CA6926200BAC69D /* AddTaskList */ = {
			isa = PBXGroup;
			children = (
				29C089342CA6928E00BAC69D /* AddTaskListTableViewController.swift */,
				29C089362CA6A4F000BAC69D /* TaskListChooseColorCell */,
			);
			path = AddTaskList;
			sourceTree = "<group>";
		};
		29C089362CA6A4F000BAC69D /* TaskListChooseColorCell */ = {
			isa = PBXGroup;
			children = (
				29C089372CA6A53200BAC69D /* TaskListChooseColorCollectionViewCell.swift */,
				29C089382CA6A53200BAC69D /* TaskListChooseColorCollectionViewCell.xib */,
			);
			path = TaskListChooseColorCell;
			sourceTree = "<group>";
		};
		29C5859D2C92892B00E26CC4 /* Fonts */ = {
			isa = PBXGroup;
			children = (
				29B75BE62CAB92DD00B388AE /* Poppins-Regular.ttf */,
				29C5859E2C9289CD00E26CC4 /* Poppins-Medium.ttf */,
				29C585A02C9289E300E26CC4 /* Poppins-SemiBold.ttf */,
				29C585A22C9289ED00E26CC4 /* Poppins-Light.ttf */,
			);
			path = Fonts;
			sourceTree = "<group>";
		};
		29C585A52C92953200E26CC4 /* IntroFlow */ = {
			isa = PBXGroup;
			children = (
				29C585A62C9295D500E26CC4 /* OnBoardingViewController.swift */,
				29C585AB2C92A5D300E26CC4 /* OnBoardingCollectionViewCell.swift */,
				29C585AC2C92A5D300E26CC4 /* OnBoardingCollectionViewCell.xib */,
			);
			path = IntroFlow;
			sourceTree = "<group>";
		};
		29C585A82C929B6900E26CC4 /* Models */ = {
			isa = PBXGroup;
			children = (
				29C585A92C929BA300E26CC4 /* OnboardingSlide.swift */,
				29B184CE2CA3E83700A4EE06 /* TaskList.swift */,
				29B184D02CA3E8CC00A4EE06 /* Todo.swift */,
			);
			path = Models;
			sourceTree = "<group>";
		};
		29C585AF2C92D1E600E26CC4 /* LoginRegisterUserFlow */ = {
			isa = PBXGroup;
			children = (
				29A5DB352C99466A00862103 /* ForgotPassword */,
				29C585B42C92D90400E26CC4 /* RegisterUserViewController.swift */,
				29ABC0812C940058006FA486 /* LoginUserViewController.swift */,
			);
			path = LoginRegisterUserFlow;
			sourceTree = "<group>";
		};
		29EA98372C981E2E001DB26A /* AboutUs */ = {
			isa = PBXGroup;
			children = (
				29EA98382C9820F1001DB26A /* AboutUsSwiftUIView.swift */,
			);
			path = AboutUs;
			sourceTree = "<group>";
		};
		29FF84F82CA2A0F800673602 /* AddTask */ = {
			isa = PBXGroup;
			children = (
				291DFE182CA4FA3B0019A851 /* AddTaskTableViewController.swift */,
				29FF84FD2CA2C8CD00673602 /* EditTaskDetail */,
				29B184C52CA3AE9200A4EE06 /* ChooseTaskList */,
			);
			path = AddTask;
			sourceTree = "<group>";
		};
		29FF84FD2CA2C8CD00673602 /* EditTaskDetail */ = {
			isa = PBXGroup;
			children = (
				2971EBDA2CA517C8005B4124 /* EditTaskDetailTableViewController.swift */,
			);
			path = EditTaskDetail;
			sourceTree = "<group>";
		};
		661E06982C9EFD1400D54656 /* ChangePassword */ = {
			isa = PBXGroup;
			children = (
				661E06992C9EFD3200D54656 /* ChangePasswordViewModel.swift */,
			);
			path = ChangePassword;
			sourceTree = "<group>";
		};
		662E1E6D2C91B39800CBA8B3 /* Ultilities */ = {
			isa = PBXGroup;
			children = (
				290858832C9C1AFA00A59C8B /* ErrorType */,
				29B184D22CA4096A00A4EE06 /* PresentationController.swift */,
				662E1E6E2C91B3B300CBA8B3 /* BaseViewController.swift */,
				668940162C9FD0200099AC20 /* SignInMethod.swift */,
				29A88C792CA655DD00CE0662 /* DateShowType.swift */,
			);
			path = Ultilities;
			sourceTree = "<group>";
		};
		662E1E702C91B3FC00CBA8B3 /* Views */ = {
			isa = PBXGroup;
			children = (
				29A0D0782C9ACBE8008B6E37 /* RootViewController.swift */,
				29A0D07A2C9ACD64008B6E37 /* HomeTabBarController.swift */,
				29A0D06E2C9AA7A7008B6E37 /* ErrorHandleFlow */,
				29C585A52C92953200E26CC4 /* IntroFlow */,
				29C585AF2C92D1E600E26CC4 /* LoginRegisterUserFlow */,
				666B68792C952D68003212AC /* ProfileFlow */,
				662E1E732C91B60300CBA8B3 /* FeedFlow */,
				662E1E722C91B5F700CBA8B3 /* TodoListFlow */,
			);
			path = Views;
			sourceTree = "<group>";
		};
		662E1E712C91B41700CBA8B3 /* Resource */ = {
			isa = PBXGroup;
			children = (
				29C5859D2C92892B00E26CC4 /* Fonts */,
				2947C3702C9051C000C9C3FF /* Assets.xcassets */,
			);
			path = Resource;
			sourceTree = "<group>";
		};
		662E1E722C91B5F700CBA8B3 /* TodoListFlow */ = {
			isa = PBXGroup;
			children = (
				292D73F82C94460E0069A2B1 /* TodoViewController.swift */,
				669075CC2CA95F20001E3B63 /* ManageTaskList */,
				665B25122CA97D0200382ABC /* ManageTask */,
			);
			path = TodoListFlow;
			sourceTree = "<group>";
		};
		662E1E732C91B60300CBA8B3 /* FeedFlow */ = {
			isa = PBXGroup;
			children = (
				292D73FA2C9446420069A2B1 /* FeedViewController.swift */,
			);
			path = FeedFlow;
			sourceTree = "<group>";
		};
		662E1E812C91B77300CBA8B3 /* TaskDetail */ = {
			isa = PBXGroup;
			children = (
				662E1E822C91B7A000CBA8B3 /* TaskDetailViewController.swift */,
				662E1E832C91B7A000CBA8B3 /* TaskDetailViewController.xib */,
			);
			path = TaskDetail;
			sourceTree = "<group>";
		};
		665B25122CA97D0200382ABC /* ManageTask */ = {
			isa = PBXGroup;
			children = (
				662E1E812C91B77300CBA8B3 /* TaskDetail */,
				29FF84F82CA2A0F800673602 /* AddTask */,
				6637FBCF2CAC3050008902FE /* TaskTableViewCell.swift */,
			);
			path = ManageTask;
			sourceTree = "<group>";
		};
		666B68792C952D68003212AC /* ProfileFlow */ = {
			isa = PBXGroup;
			children = (
				666B687A2C952D94003212AC /* ProfileViewController.swift */,
				29A5DB432C9983D000862103 /* ChangeName */,
				297086EC2C993B260031F478 /* ChangePassword */,
				29EA98372C981E2E001DB26A /* AboutUs */,
			);
			path = ProfileFlow;
			sourceTree = "<group>";
		};
		669075C62CA939E2001E3B63 /* TodoListFlow */ = {
			isa = PBXGroup;
			children = (
				669BA2112CAAE29A001083FA /* TodoViewModel.swift */,
				669075C92CA93E75001E3B63 /* ManageTaskList */,
				294E3CD12CAAAD2B008DF4D7 /* ManageTask */,
			);
			path = TodoListFlow;
			sourceTree = "<group>";
		};
		669075C92CA93E75001E3B63 /* ManageTaskList */ = {
			isa = PBXGroup;
			children = (
				294E3CCD2CAA7A1A008DF4D7 /* TaskListViewModel.swift */,
				299F0A912CAE503900AD1589 /* TaskListDetailViewModel.swift */,
				669075CD2CA95F4E001E3B63 /* AddTaskList */,
			);
			path = ManageTaskList;
			sourceTree = "<group>";
		};
		669075CC2CA95F20001E3B63 /* ManageTaskList */ = {
			isa = PBXGroup;
			children = (
				669075CE2CA95FC1001E3B63 /* TaskList */,
				29C089332CA6926200BAC69D /* AddTaskList */,
			);
			path = ManageTaskList;
			sourceTree = "<group>";
		};
		669075CD2CA95F4E001E3B63 /* AddTaskList */ = {
			isa = PBXGroup;
			children = (
				669075C72CA93A31001E3B63 /* AddTaskListViewModel.swift */,
			);
			path = AddTaskList;
			sourceTree = "<group>";
		};
		669075CE2CA95FC1001E3B63 /* TaskList */ = {
			isa = PBXGroup;
			children = (
				294E3CC82CAA6B92008DF4D7 /* TaskListTableViewController.swift */,
				294E3CCA2CAA6BBE008DF4D7 /* TaskListTableViewCell */,
				669075D12CA96091001E3B63 /* TaskListDetail */,
			);
			path = TaskList;
			sourceTree = "<group>";
		};
		669075D12CA96091001E3B63 /* TaskListDetail */ = {
			isa = PBXGroup;
			children = (
				669075D22CA960C2001E3B63 /* TaskListDetailViewController.swift */,
				669075D32CA960C2001E3B63 /* TaskListDetailViewController.xib */,
				299F0A8C2CAE491200AD1589 /* TaskListTodoCell */,
			);
			path = TaskListDetail;
			sourceTree = "<group>";
		};
/* End PBXGroup section */

/* Begin PBXNativeTarget section */
		2947C3632C9051BF00C9C3FF /* Remind Me */ = {
			isa = PBXNativeTarget;
			buildConfigurationList = 2947C3782C9051C000C9C3FF /* Build configuration list for PBXNativeTarget "Remind Me" */;
			buildPhases = (
				2947C3602C9051BF00C9C3FF /* Sources */,
				2947C3612C9051BF00C9C3FF /* Frameworks */,
				2947C3622C9051BF00C9C3FF /* Resources */,
			);
			buildRules = (
			);
			dependencies = (
			);
			name = "Remind Me";
			packageProductDependencies = (
				29A5DB392C995CC800862103 /* FirebaseAuth */,
				29A5DB3B2C995CC800862103 /* FirebaseFirestore */,
				29A5DB3D2C995CC800862103 /* FirebaseStorage */,
				29A0D0672C9A82A2008B6E37 /* GoogleSignIn */,
				29A0D0692C9A82A2008B6E37 /* GoogleSignInSwift */,
				29B184CC2CA3D2AB00A4EE06 /* FirebaseFirestoreCombine-Community */,
			);
			productName = "Remind Me";
			productReference = 2947C3642C9051BF00C9C3FF /* Remind Me.app */;
			productType = "com.apple.product-type.application";
		};
/* End PBXNativeTarget section */

/* Begin PBXProject section */
		2947C35C2C9051BF00C9C3FF /* Project object */ = {
			isa = PBXProject;
			attributes = {
				BuildIndependentTargetsInParallel = 1;
				LastSwiftUpdateCheck = 1540;
				LastUpgradeCheck = 1540;
				TargetAttributes = {
					2947C3632C9051BF00C9C3FF = {
						CreatedOnToolsVersion = 15.4;
					};
				};
			};
			buildConfigurationList = 2947C35F2C9051BF00C9C3FF /* Build configuration list for PBXProject "Remind Me" */;
			compatibilityVersion = "Xcode 14.0";
			developmentRegion = en;
			hasScannedForEncodings = 0;
			knownRegions = (
				en,
				Base,
			);
			mainGroup = 2947C35B2C9051BF00C9C3FF;
			packageReferences = (
				29A5DB382C995CC800862103 /* XCRemoteSwiftPackageReference "firebase-ios-sdk" */,
				29A0D0662C9A82A2008B6E37 /* XCRemoteSwiftPackageReference "GoogleSignIn-iOS" */,
			);
			productRefGroup = 2947C3652C9051BF00C9C3FF /* Products */;
			projectDirPath = "";
			projectRoot = "";
			targets = (
				2947C3632C9051BF00C9C3FF /* Remind Me */,
			);
		};
/* End PBXProject section */

/* Begin PBXResourcesBuildPhase section */
		2947C3622C9051BF00C9C3FF /* Resources */ = {
			isa = PBXResourcesBuildPhase;
			buildActionMask = 2147483647;
			files = (
				29C0893A2CA6A53200BAC69D /* TaskListChooseColorCollectionViewCell.xib in Resources */,
				29C585A32C9289ED00E26CC4 /* Poppins-Light.ttf in Resources */,
				299AC7012CA1007900608361 /* ChangePasswordSuccessViewController.xib in Resources */,
				29C585AE2C92A5D300E26CC4 /* OnBoardingCollectionViewCell.xib in Resources */,
				29A0D0722C9AA8DE008B6E37 /* InternetUnavailableViewController.xib in Resources */,
				29A5DB402C995F0A00862103 /* GoogleService-Info.plist in Resources */,
				2947C3712C9051C000C9C3FF /* Assets.xcassets in Resources */,
				669075D52CA960C2001E3B63 /* TaskListDetailViewController.xib in Resources */,
				2947C3742C9051C000C9C3FF /* Base in Resources */,
				29B75BE72CAB92DD00B388AE /* Poppins-Regular.ttf in Resources */,
				29C5859F2C9289CD00E26CC4 /* Poppins-Medium.ttf in Resources */,
				29C585A12C9289E300E26CC4 /* Poppins-SemiBold.ttf in Resources */,
				662E1E842C91B7A000CBA8B3 /* TaskDetailViewController.xib in Resources */,
				299F0A902CAE49CB00AD1589 /* TaskListTodoTableViewCell.xib in Resources */,
				2947C36F2C9051BF00C9C3FF /* Base in Resources */,
			);
			runOnlyForDeploymentPostprocessing = 0;
		};
/* End PBXResourcesBuildPhase section */

/* Begin PBXSourcesBuildPhase section */
		2947C3602C9051BF00C9C3FF /* Sources */ = {
			isa = PBXSourcesBuildPhase;
			buildActionMask = 2147483647;
			files = (
				299F0A922CAE503900AD1589 /* TaskListDetailViewModel.swift in Sources */,
				29A88C7C2CA662B400CE0662 /* DateFormatter.swift in Sources */,
				662E1E6F2C91B3B300CBA8B3 /* BaseViewController.swift in Sources */,
				299F0A8F2CAE49CB00AD1589 /* TaskListTodoTableViewCell.swift in Sources */,
				297086EE2C993C360031F478 /* EmailAuthViewController.swift in Sources */,
				29A0D07B2C9ACD64008B6E37 /* HomeTabBarController.swift in Sources */,
				29EA98362C97E1D8001DB26A /* UIImageView.swift in Sources */,
				29B184D12CA3E8CC00A4EE06 /* Todo.swift in Sources */,
				29B75BEA2CAB94D900B388AE /* ChooseTaskListTableViewCell.swift in Sources */,
				669075CB2CA94991001E3B63 /* String.swift in Sources */,
				29C089392CA6A53200BAC69D /* TaskListChooseColorCollectionViewCell.swift in Sources */,
				2947C3682C9051BF00C9C3FF /* AppDelegate.swift in Sources */,
				29A0D0652C9A8125008B6E37 /* GoogleAuthService.swift in Sources */,
				29B184C72CA3AEC400A4EE06 /* ChooseTaskListViewController.swift in Sources */,
				29B184CA2CA3CD3200A4EE06 /* CloudFirestoreService.swift in Sources */,
				29A88C7A2CA655DD00CE0662 /* DateShowType.swift in Sources */,
				29FF84FC2CA2B64E00673602 /* UIBarButtonItem.swift in Sources */,
				2947C36A2C9051BF00C9C3FF /* SceneDelegate.swift in Sources */,
				29A5DB452C9983F900862103 /* ChangeNameViewController.swift in Sources */,
				668940172C9FD0200099AC20 /* SignInMethod.swift in Sources */,
				29B184CF2CA3E83700A4EE06 /* TaskList.swift in Sources */,
				29A0D0632C9A80F6008B6E37 /* EmailPasswordAuthService.swift in Sources */,
				29C585AD2C92A5D300E26CC4 /* OnBoardingCollectionViewCell.swift in Sources */,
				666B687B2C952D94003212AC /* ProfileViewController.swift in Sources */,
				292D73F92C94460E0069A2B1 /* TodoViewController.swift in Sources */,
				290858852C9C1B2800A59C8B /* RegisterUserErrorType.swift in Sources */,
				299AC7062CA141E600608361 /* ChangeNameViewModel.swift in Sources */,
				294E3CC92CAA6B92008DF4D7 /* TaskListTableViewController.swift in Sources */,
				29ABC07E2C93DB3B006FA486 /* UIViewExtension.swift in Sources */,
				29B5AB4E2C9D58740001D4E3 /* ProfileViewModel.swift in Sources */,
				29A0D06D2C9A8B07008B6E37 /* NetworkMonitor.swift in Sources */,
				29C585A72C9295D500E26CC4 /* OnBoardingViewController.swift in Sources */,
				29A0D0712C9AA8DE008B6E37 /* InternetUnavailableViewController.swift in Sources */,
				2971EBDB2CA517C8005B4124 /* EditTaskDetailTableViewController.swift in Sources */,
				297086EB2C992A510031F478 /* UIAlertController.swift in Sources */,
				29C089352CA6928E00BAC69D /* AddTaskListTableViewController.swift in Sources */,
				6637FBD22CAC60B4008902FE /* Date.swift in Sources */,
				294E3CD42CAAADE7008DF4D7 /* AddTaskViewModel.swift in Sources */,
				29A0D05D2C9A79D0008B6E37 /* LoginUserViewModel.swift in Sources */,
				299AC7032CA10CDF00608361 /* ChangePasswordErrorType.swift in Sources */,
				669075C82CA93A31001E3B63 /* AddTaskListViewModel.swift in Sources */,
				29ABC0802C93EB5E006FA486 /* UIButtonExtension.swift in Sources */,
				29A5DB422C99671600862103 /* ChangePasswordViewController.swift in Sources */,
				294E3CCE2CAA7A1A008DF4D7 /* TaskListViewModel.swift in Sources */,
				29ABC0822C940058006FA486 /* LoginUserViewController.swift in Sources */,
				29A0D0792C9ACBE8008B6E37 /* RootViewController.swift in Sources */,
				290858822C9BDDA800A59C8B /* UserManagementService.swift in Sources */,
				29B5AB472C9D21860001D4E3 /* LoginUserErrorType.swift in Sources */,
				29A0D05F2C9A7A4B008B6E37 /* RegisterUserViewModel.swift in Sources */,
				29C0893C2CA6A7B000BAC69D /* UIColor.swift in Sources */,
				299AC7002CA1007900608361 /* ChangePasswordSuccessViewController.swift in Sources */,
				662E1E852C91B7A000CBA8B3 /* TaskDetailViewController.swift in Sources */,
				669BA2122CAAE29A001083FA /* TodoViewModel.swift in Sources */,
				29EA98392C9820F1001DB26A /* AboutUsSwiftUIView.swift in Sources */,
				29C585AA2C929BA300E26CC4 /* OnboardingSlide.swift in Sources */,
				294E3CCC2CAA6BED008DF4D7 /* TaskListTableViewCell.swift in Sources */,
				292D73FB2C9446420069A2B1 /* FeedViewController.swift in Sources */,
				294E3CD02CAA9CAE008DF4D7 /* UITableView.swift in Sources */,
				6637FBD02CAC3050008902FE /* TaskTableViewCell.swift in Sources */,
				661E069A2C9EFD3200D54656 /* ChangePasswordViewModel.swift in Sources */,
				29B184D32CA4096A00A4EE06 /* PresentationController.swift in Sources */,
				29FF84F72CA29B6400673602 /* UISegmentedControl.swift in Sources */,
				29C585B52C92D90400E26CC4 /* RegisterUserViewController.swift in Sources */,
				291DFE192CA4FA3B0019A851 /* AddTaskTableViewController.swift in Sources */,
				669075D42CA960C2001E3B63 /* TaskListDetailViewController.swift in Sources */,
			);
			runOnlyForDeploymentPostprocessing = 0;
		};
/* End PBXSourcesBuildPhase section */

/* Begin PBXVariantGroup section */
		2947C36D2C9051BF00C9C3FF /* Main.storyboard */ = {
			isa = PBXVariantGroup;
			children = (
				2947C36E2C9051BF00C9C3FF /* Base */,
			);
			name = Main.storyboard;
			sourceTree = "<group>";
		};
		2947C3722C9051C000C9C3FF /* LaunchScreen.storyboard */ = {
			isa = PBXVariantGroup;
			children = (
				2947C3732C9051C000C9C3FF /* Base */,
			);
			name = LaunchScreen.storyboard;
			sourceTree = "<group>";
		};
/* End PBXVariantGroup section */

/* Begin XCBuildConfiguration section */
		2947C3762C9051C000C9C3FF /* Debug */ = {
			isa = XCBuildConfiguration;
			buildSettings = {
				ALWAYS_SEARCH_USER_PATHS = NO;
				ASSETCATALOG_COMPILER_GENERATE_SWIFT_ASSET_SYMBOL_EXTENSIONS = YES;
				CLANG_ANALYZER_NONNULL = YES;
				CLANG_ANALYZER_NUMBER_OBJECT_CONVERSION = YES_AGGRESSIVE;
				CLANG_CXX_LANGUAGE_STANDARD = "gnu++20";
				CLANG_ENABLE_MODULES = YES;
				CLANG_ENABLE_OBJC_ARC = YES;
				CLANG_ENABLE_OBJC_WEAK = YES;
				CLANG_WARN_BLOCK_CAPTURE_AUTORELEASING = YES;
				CLANG_WARN_BOOL_CONVERSION = YES;
				CLANG_WARN_COMMA = YES;
				CLANG_WARN_CONSTANT_CONVERSION = YES;
				CLANG_WARN_DEPRECATED_OBJC_IMPLEMENTATIONS = YES;
				CLANG_WARN_DIRECT_OBJC_ISA_USAGE = YES_ERROR;
				CLANG_WARN_DOCUMENTATION_COMMENTS = YES;
				CLANG_WARN_EMPTY_BODY = YES;
				CLANG_WARN_ENUM_CONVERSION = YES;
				CLANG_WARN_INFINITE_RECURSION = YES;
				CLANG_WARN_INT_CONVERSION = YES;
				CLANG_WARN_NON_LITERAL_NULL_CONVERSION = YES;
				CLANG_WARN_OBJC_IMPLICIT_RETAIN_SELF = YES;
				CLANG_WARN_OBJC_LITERAL_CONVERSION = YES;
				CLANG_WARN_OBJC_ROOT_CLASS = YES_ERROR;
				CLANG_WARN_QUOTED_INCLUDE_IN_FRAMEWORK_HEADER = YES;
				CLANG_WARN_RANGE_LOOP_ANALYSIS = YES;
				CLANG_WARN_STRICT_PROTOTYPES = YES;
				CLANG_WARN_SUSPICIOUS_MOVE = YES;
				CLANG_WARN_UNGUARDED_AVAILABILITY = YES_AGGRESSIVE;
				CLANG_WARN_UNREACHABLE_CODE = YES;
				CLANG_WARN__DUPLICATE_METHOD_MATCH = YES;
				COPY_PHASE_STRIP = NO;
				DEBUG_INFORMATION_FORMAT = dwarf;
				ENABLE_STRICT_OBJC_MSGSEND = YES;
				ENABLE_TESTABILITY = YES;
				ENABLE_USER_SCRIPT_SANDBOXING = YES;
				GCC_C_LANGUAGE_STANDARD = gnu17;
				GCC_DYNAMIC_NO_PIC = NO;
				GCC_NO_COMMON_BLOCKS = YES;
				GCC_OPTIMIZATION_LEVEL = 0;
				GCC_PREPROCESSOR_DEFINITIONS = (
					"DEBUG=1",
					"$(inherited)",
				);
				GCC_WARN_64_TO_32_BIT_CONVERSION = YES;
				GCC_WARN_ABOUT_RETURN_TYPE = YES_ERROR;
				GCC_WARN_UNDECLARED_SELECTOR = YES;
				GCC_WARN_UNINITIALIZED_AUTOS = YES_AGGRESSIVE;
				GCC_WARN_UNUSED_FUNCTION = YES;
				GCC_WARN_UNUSED_VARIABLE = YES;
				IPHONEOS_DEPLOYMENT_TARGET = 17.5;
				LOCALIZATION_PREFERS_STRING_CATALOGS = YES;
				MTL_ENABLE_DEBUG_INFO = INCLUDE_SOURCE;
				MTL_FAST_MATH = YES;
				ONLY_ACTIVE_ARCH = YES;
				SDKROOT = iphoneos;
				SWIFT_ACTIVE_COMPILATION_CONDITIONS = "DEBUG $(inherited)";
				SWIFT_OPTIMIZATION_LEVEL = "-Onone";
			};
			name = Debug;
		};
		2947C3772C9051C000C9C3FF /* Release */ = {
			isa = XCBuildConfiguration;
			buildSettings = {
				ALWAYS_SEARCH_USER_PATHS = NO;
				ASSETCATALOG_COMPILER_GENERATE_SWIFT_ASSET_SYMBOL_EXTENSIONS = YES;
				CLANG_ANALYZER_NONNULL = YES;
				CLANG_ANALYZER_NUMBER_OBJECT_CONVERSION = YES_AGGRESSIVE;
				CLANG_CXX_LANGUAGE_STANDARD = "gnu++20";
				CLANG_ENABLE_MODULES = YES;
				CLANG_ENABLE_OBJC_ARC = YES;
				CLANG_ENABLE_OBJC_WEAK = YES;
				CLANG_WARN_BLOCK_CAPTURE_AUTORELEASING = YES;
				CLANG_WARN_BOOL_CONVERSION = YES;
				CLANG_WARN_COMMA = YES;
				CLANG_WARN_CONSTANT_CONVERSION = YES;
				CLANG_WARN_DEPRECATED_OBJC_IMPLEMENTATIONS = YES;
				CLANG_WARN_DIRECT_OBJC_ISA_USAGE = YES_ERROR;
				CLANG_WARN_DOCUMENTATION_COMMENTS = YES;
				CLANG_WARN_EMPTY_BODY = YES;
				CLANG_WARN_ENUM_CONVERSION = YES;
				CLANG_WARN_INFINITE_RECURSION = YES;
				CLANG_WARN_INT_CONVERSION = YES;
				CLANG_WARN_NON_LITERAL_NULL_CONVERSION = YES;
				CLANG_WARN_OBJC_IMPLICIT_RETAIN_SELF = YES;
				CLANG_WARN_OBJC_LITERAL_CONVERSION = YES;
				CLANG_WARN_OBJC_ROOT_CLASS = YES_ERROR;
				CLANG_WARN_QUOTED_INCLUDE_IN_FRAMEWORK_HEADER = YES;
				CLANG_WARN_RANGE_LOOP_ANALYSIS = YES;
				CLANG_WARN_STRICT_PROTOTYPES = YES;
				CLANG_WARN_SUSPICIOUS_MOVE = YES;
				CLANG_WARN_UNGUARDED_AVAILABILITY = YES_AGGRESSIVE;
				CLANG_WARN_UNREACHABLE_CODE = YES;
				CLANG_WARN__DUPLICATE_METHOD_MATCH = YES;
				COPY_PHASE_STRIP = NO;
				DEBUG_INFORMATION_FORMAT = "dwarf-with-dsym";
				ENABLE_NS_ASSERTIONS = NO;
				ENABLE_STRICT_OBJC_MSGSEND = YES;
				ENABLE_USER_SCRIPT_SANDBOXING = YES;
				GCC_C_LANGUAGE_STANDARD = gnu17;
				GCC_NO_COMMON_BLOCKS = YES;
				GCC_WARN_64_TO_32_BIT_CONVERSION = YES;
				GCC_WARN_ABOUT_RETURN_TYPE = YES_ERROR;
				GCC_WARN_UNDECLARED_SELECTOR = YES;
				GCC_WARN_UNINITIALIZED_AUTOS = YES_AGGRESSIVE;
				GCC_WARN_UNUSED_FUNCTION = YES;
				GCC_WARN_UNUSED_VARIABLE = YES;
				IPHONEOS_DEPLOYMENT_TARGET = 17.5;
				LOCALIZATION_PREFERS_STRING_CATALOGS = YES;
				MTL_ENABLE_DEBUG_INFO = NO;
				MTL_FAST_MATH = YES;
				SDKROOT = iphoneos;
				SWIFT_COMPILATION_MODE = wholemodule;
				VALIDATE_PRODUCT = YES;
			};
			name = Release;
		};
		2947C3792C9051C000C9C3FF /* Debug */ = {
			isa = XCBuildConfiguration;
			buildSettings = {
				ASSETCATALOG_COMPILER_APPICON_NAME = AppIcon;
				ASSETCATALOG_COMPILER_GLOBAL_ACCENT_COLOR_NAME = AccentColor;
				CODE_SIGN_STYLE = Automatic;
				CURRENT_PROJECT_VERSION = 1;
				GENERATE_INFOPLIST_FILE = YES;
				INFOPLIST_FILE = "Remind Me/Info.plist";
				INFOPLIST_KEY_UIApplicationSupportsIndirectInputEvents = YES;
				INFOPLIST_KEY_UILaunchStoryboardName = LaunchScreen;
				INFOPLIST_KEY_UIMainStoryboardFile = Main;
				INFOPLIST_KEY_UISupportedInterfaceOrientations = UIInterfaceOrientationPortrait;
				IPHONEOS_DEPLOYMENT_TARGET = 16.0;
				LD_RUNPATH_SEARCH_PATHS = (
					"$(inherited)",
					"@executable_path/Frameworks",
				);
				MARKETING_VERSION = 1.0;
				PRODUCT_BUNDLE_IDENTIFIER = "huy.dang.S3Corp.Remind-Me";
				PRODUCT_NAME = "$(TARGET_NAME)";
				SUPPORTED_PLATFORMS = "iphoneos iphonesimulator";
				SUPPORTS_MACCATALYST = NO;
				SUPPORTS_MAC_DESIGNED_FOR_IPHONE_IPAD = NO;
				SUPPORTS_XR_DESIGNED_FOR_IPHONE_IPAD = NO;
				SWIFT_EMIT_LOC_STRINGS = YES;
				SWIFT_VERSION = 5.0;
				TARGETED_DEVICE_FAMILY = "1,2";
			};
			name = Debug;
		};
		2947C37A2C9051C000C9C3FF /* Release */ = {
			isa = XCBuildConfiguration;
			buildSettings = {
				ASSETCATALOG_COMPILER_APPICON_NAME = AppIcon;
				ASSETCATALOG_COMPILER_GLOBAL_ACCENT_COLOR_NAME = AccentColor;
				CODE_SIGN_STYLE = Automatic;
				CURRENT_PROJECT_VERSION = 1;
				GENERATE_INFOPLIST_FILE = YES;
				INFOPLIST_FILE = "Remind Me/Info.plist";
				INFOPLIST_KEY_UIApplicationSupportsIndirectInputEvents = YES;
				INFOPLIST_KEY_UILaunchStoryboardName = LaunchScreen;
				INFOPLIST_KEY_UIMainStoryboardFile = Main;
				INFOPLIST_KEY_UISupportedInterfaceOrientations = UIInterfaceOrientationPortrait;
				IPHONEOS_DEPLOYMENT_TARGET = 16.0;
				LD_RUNPATH_SEARCH_PATHS = (
					"$(inherited)",
					"@executable_path/Frameworks",
				);
				MARKETING_VERSION = 1.0;
				PRODUCT_BUNDLE_IDENTIFIER = "huy.dang.S3Corp.Remind-Me";
				PRODUCT_NAME = "$(TARGET_NAME)";
				SUPPORTED_PLATFORMS = "iphoneos iphonesimulator";
				SUPPORTS_MACCATALYST = NO;
				SUPPORTS_MAC_DESIGNED_FOR_IPHONE_IPAD = NO;
				SUPPORTS_XR_DESIGNED_FOR_IPHONE_IPAD = NO;
				SWIFT_EMIT_LOC_STRINGS = YES;
				SWIFT_VERSION = 5.0;
				TARGETED_DEVICE_FAMILY = "1,2";
			};
			name = Release;
		};
/* End XCBuildConfiguration section */

/* Begin XCConfigurationList section */
		2947C35F2C9051BF00C9C3FF /* Build configuration list for PBXProject "Remind Me" */ = {
			isa = XCConfigurationList;
			buildConfigurations = (
				2947C3762C9051C000C9C3FF /* Debug */,
				2947C3772C9051C000C9C3FF /* Release */,
			);
			defaultConfigurationIsVisible = 0;
			defaultConfigurationName = Release;
		};
		2947C3782C9051C000C9C3FF /* Build configuration list for PBXNativeTarget "Remind Me" */ = {
			isa = XCConfigurationList;
			buildConfigurations = (
				2947C3792C9051C000C9C3FF /* Debug */,
				2947C37A2C9051C000C9C3FF /* Release */,
			);
			defaultConfigurationIsVisible = 0;
			defaultConfigurationName = Release;
		};
/* End XCConfigurationList section */

/* Begin XCRemoteSwiftPackageReference section */
		29A0D0662C9A82A2008B6E37 /* XCRemoteSwiftPackageReference "GoogleSignIn-iOS" */ = {
			isa = XCRemoteSwiftPackageReference;
			repositoryURL = "https://github.com/google/GoogleSignIn-iOS";
			requirement = {
				kind = upToNextMajorVersion;
				minimumVersion = 8.0.0;
			};
		};
		29A5DB382C995CC800862103 /* XCRemoteSwiftPackageReference "firebase-ios-sdk" */ = {
			isa = XCRemoteSwiftPackageReference;
			repositoryURL = "https://github.com/firebase/firebase-ios-sdk";
			requirement = {
				kind = upToNextMajorVersion;
				minimumVersion = 11.2.0;
			};
		};
/* End XCRemoteSwiftPackageReference section */

/* Begin XCSwiftPackageProductDependency section */
		29A0D0672C9A82A2008B6E37 /* GoogleSignIn */ = {
			isa = XCSwiftPackageProductDependency;
			package = 29A0D0662C9A82A2008B6E37 /* XCRemoteSwiftPackageReference "GoogleSignIn-iOS" */;
			productName = GoogleSignIn;
		};
		29A0D0692C9A82A2008B6E37 /* GoogleSignInSwift */ = {
			isa = XCSwiftPackageProductDependency;
			package = 29A0D0662C9A82A2008B6E37 /* XCRemoteSwiftPackageReference "GoogleSignIn-iOS" */;
			productName = GoogleSignInSwift;
		};
		29A5DB392C995CC800862103 /* FirebaseAuth */ = {
			isa = XCSwiftPackageProductDependency;
			package = 29A5DB382C995CC800862103 /* XCRemoteSwiftPackageReference "firebase-ios-sdk" */;
			productName = FirebaseAuth;
		};
		29A5DB3B2C995CC800862103 /* FirebaseFirestore */ = {
			isa = XCSwiftPackageProductDependency;
			package = 29A5DB382C995CC800862103 /* XCRemoteSwiftPackageReference "firebase-ios-sdk" */;
			productName = FirebaseFirestore;
		};
		29A5DB3D2C995CC800862103 /* FirebaseStorage */ = {
			isa = XCSwiftPackageProductDependency;
			package = 29A5DB382C995CC800862103 /* XCRemoteSwiftPackageReference "firebase-ios-sdk" */;
			productName = FirebaseStorage;
		};
		29B184CC2CA3D2AB00A4EE06 /* FirebaseFirestoreCombine-Community */ = {
			isa = XCSwiftPackageProductDependency;
			package = 29A5DB382C995CC800862103 /* XCRemoteSwiftPackageReference "firebase-ios-sdk" */;
			productName = "FirebaseFirestoreCombine-Community";
		};
/* End XCSwiftPackageProductDependency section */
	};
	rootObject = 2947C35C2C9051BF00C9C3FF /* Project object */;
}
