// !$*UTF8*$!
{
	archiveVersion = 1;
	classes = {
	};
	objectVersion = 56;
	objects = {

/* Begin PBXBuildFile section */
		292D73F92C94460E0069A2B1 /* TodoViewController.swift in Sources */ = {isa = PBXBuildFile; fileRef = 292D73F82C94460E0069A2B1 /* TodoViewController.swift */; };
		292D73FB2C9446420069A2B1 /* FeedViewController.swift in Sources */ = {isa = PBXBuildFile; fileRef = 292D73FA2C9446420069A2B1 /* FeedViewController.swift */; };
		2947C3682C9051BF00C9C3FF /* AppDelegate.swift in Sources */ = {isa = PBXBuildFile; fileRef = 2947C3672C9051BF00C9C3FF /* AppDelegate.swift */; };
		2947C36A2C9051BF00C9C3FF /* SceneDelegate.swift in Sources */ = {isa = PBXBuildFile; fileRef = 2947C3692C9051BF00C9C3FF /* SceneDelegate.swift */; };
		2947C36F2C9051BF00C9C3FF /* Base in Resources */ = {isa = PBXBuildFile; fileRef = 2947C36E2C9051BF00C9C3FF /* Base */; };
		2947C3712C9051C000C9C3FF /* Assets.xcassets in Resources */ = {isa = PBXBuildFile; fileRef = 2947C3702C9051C000C9C3FF /* Assets.xcassets */; };
		2947C3742C9051C000C9C3FF /* Base in Resources */ = {isa = PBXBuildFile; fileRef = 2947C3732C9051C000C9C3FF /* Base */; };
		29ABC07E2C93DB3B006FA486 /* UIViewExtension.swift in Sources */ = {isa = PBXBuildFile; fileRef = 29ABC07D2C93DB3B006FA486 /* UIViewExtension.swift */; };
		29ABC0802C93EB5E006FA486 /* UIButtonExtension.swift in Sources */ = {isa = PBXBuildFile; fileRef = 29ABC07F2C93EB5E006FA486 /* UIButtonExtension.swift */; };
		29ABC0822C940058006FA486 /* LoginUserViewController.swift in Sources */ = {isa = PBXBuildFile; fileRef = 29ABC0812C940058006FA486 /* LoginUserViewController.swift */; };
		29C5859F2C9289CD00E26CC4 /* Poppins-Medium.ttf in Resources */ = {isa = PBXBuildFile; fileRef = 29C5859E2C9289CD00E26CC4 /* Poppins-Medium.ttf */; };
		29C585A12C9289E300E26CC4 /* Poppins-SemiBold.ttf in Resources */ = {isa = PBXBuildFile; fileRef = 29C585A02C9289E300E26CC4 /* Poppins-SemiBold.ttf */; };
		29C585A32C9289ED00E26CC4 /* Poppins-Light.ttf in Resources */ = {isa = PBXBuildFile; fileRef = 29C585A22C9289ED00E26CC4 /* Poppins-Light.ttf */; };
		29C585A72C9295D500E26CC4 /* OnBoardingViewController.swift in Sources */ = {isa = PBXBuildFile; fileRef = 29C585A62C9295D500E26CC4 /* OnBoardingViewController.swift */; };
		29C585AA2C929BA300E26CC4 /* OnboardingSlide.swift in Sources */ = {isa = PBXBuildFile; fileRef = 29C585A92C929BA300E26CC4 /* OnboardingSlide.swift */; };
		29C585AD2C92A5D300E26CC4 /* OnBoardingCollectionViewCell.swift in Sources */ = {isa = PBXBuildFile; fileRef = 29C585AB2C92A5D300E26CC4 /* OnBoardingCollectionViewCell.swift */; };
		29C585AE2C92A5D300E26CC4 /* OnBoardingCollectionViewCell.xib in Resources */ = {isa = PBXBuildFile; fileRef = 29C585AC2C92A5D300E26CC4 /* OnBoardingCollectionViewCell.xib */; };
		29C585B52C92D90400E26CC4 /* RegisterUserViewController.swift in Sources */ = {isa = PBXBuildFile; fileRef = 29C585B42C92D90400E26CC4 /* RegisterUserViewController.swift */; };
		29EA98362C97E1D8001DB26A /* UIImageView.swift in Sources */ = {isa = PBXBuildFile; fileRef = 29EA98352C97E1D8001DB26A /* UIImageView.swift */; };
		29EA98392C9820F1001DB26A /* AboutUsSwiftUIView.swift in Sources */ = {isa = PBXBuildFile; fileRef = 29EA98382C9820F1001DB26A /* AboutUsSwiftUIView.swift */; };
		29EA983B2C983E58001DB26A /* ActionSheet.swift in Sources */ = {isa = PBXBuildFile; fileRef = 29EA983A2C983E58001DB26A /* ActionSheet.swift */; };
		662E1E6F2C91B3B300CBA8B3 /* BaseViewController.swift in Sources */ = {isa = PBXBuildFile; fileRef = 662E1E6E2C91B3B300CBA8B3 /* BaseViewController.swift */; };
		662E1E842C91B7A000CBA8B3 /* TaskDetailViewController.xib in Resources */ = {isa = PBXBuildFile; fileRef = 662E1E832C91B7A000CBA8B3 /* TaskDetailViewController.xib */; };
		662E1E852C91B7A000CBA8B3 /* TaskDetailViewController.swift in Sources */ = {isa = PBXBuildFile; fileRef = 662E1E822C91B7A000CBA8B3 /* TaskDetailViewController.swift */; };
		666B687B2C952D94003212AC /* ProfileViewController.swift in Sources */ = {isa = PBXBuildFile; fileRef = 666B687A2C952D94003212AC /* ProfileViewController.swift */; };
/* End PBXBuildFile section */

/* Begin PBXFileReference section */
		292D73F82C94460E0069A2B1 /* TodoViewController.swift */ = {isa = PBXFileReference; lastKnownFileType = sourcecode.swift; path = TodoViewController.swift; sourceTree = "<group>"; };
		292D73FA2C9446420069A2B1 /* FeedViewController.swift */ = {isa = PBXFileReference; lastKnownFileType = sourcecode.swift; path = FeedViewController.swift; sourceTree = "<group>"; };
		2947C3642C9051BF00C9C3FF /* Remind Me.app */ = {isa = PBXFileReference; explicitFileType = wrapper.application; includeInIndex = 0; path = "Remind Me.app"; sourceTree = BUILT_PRODUCTS_DIR; };
		2947C3672C9051BF00C9C3FF /* AppDelegate.swift */ = {isa = PBXFileReference; lastKnownFileType = sourcecode.swift; path = AppDelegate.swift; sourceTree = "<group>"; };
		2947C3692C9051BF00C9C3FF /* SceneDelegate.swift */ = {isa = PBXFileReference; lastKnownFileType = sourcecode.swift; path = SceneDelegate.swift; sourceTree = "<group>"; };
		2947C36E2C9051BF00C9C3FF /* Base */ = {isa = PBXFileReference; lastKnownFileType = file.storyboard; name = Base; path = Base.lproj/Main.storyboard; sourceTree = "<group>"; };
		2947C3702C9051C000C9C3FF /* Assets.xcassets */ = {isa = PBXFileReference; lastKnownFileType = folder.assetcatalog; path = Assets.xcassets; sourceTree = "<group>"; };
		2947C3732C9051C000C9C3FF /* Base */ = {isa = PBXFileReference; lastKnownFileType = file.storyboard; name = Base; path = Base.lproj/LaunchScreen.storyboard; sourceTree = "<group>"; };
		2947C3752C9051C000C9C3FF /* Info.plist */ = {isa = PBXFileReference; lastKnownFileType = text.plist.xml; path = Info.plist; sourceTree = "<group>"; };
		29ABC07D2C93DB3B006FA486 /* UIViewExtension.swift */ = {isa = PBXFileReference; lastKnownFileType = sourcecode.swift; path = UIViewExtension.swift; sourceTree = "<group>"; };
		29ABC07F2C93EB5E006FA486 /* UIButtonExtension.swift */ = {isa = PBXFileReference; lastKnownFileType = sourcecode.swift; path = UIButtonExtension.swift; sourceTree = "<group>"; };
		29ABC0812C940058006FA486 /* LoginUserViewController.swift */ = {isa = PBXFileReference; lastKnownFileType = sourcecode.swift; path = LoginUserViewController.swift; sourceTree = "<group>"; };
		29C5859E2C9289CD00E26CC4 /* Poppins-Medium.ttf */ = {isa = PBXFileReference; lastKnownFileType = file; path = "Poppins-Medium.ttf"; sourceTree = "<group>"; };
		29C585A02C9289E300E26CC4 /* Poppins-SemiBold.ttf */ = {isa = PBXFileReference; lastKnownFileType = file; path = "Poppins-SemiBold.ttf"; sourceTree = "<group>"; };
		29C585A22C9289ED00E26CC4 /* Poppins-Light.ttf */ = {isa = PBXFileReference; lastKnownFileType = file; path = "Poppins-Light.ttf"; sourceTree = "<group>"; };
		29C585A62C9295D500E26CC4 /* OnBoardingViewController.swift */ = {isa = PBXFileReference; lastKnownFileType = sourcecode.swift; path = OnBoardingViewController.swift; sourceTree = "<group>"; };
		29C585A92C929BA300E26CC4 /* OnboardingSlide.swift */ = {isa = PBXFileReference; lastKnownFileType = sourcecode.swift; path = OnboardingSlide.swift; sourceTree = "<group>"; };
		29C585AB2C92A5D300E26CC4 /* OnBoardingCollectionViewCell.swift */ = {isa = PBXFileReference; lastKnownFileType = sourcecode.swift; path = OnBoardingCollectionViewCell.swift; sourceTree = "<group>"; };
		29C585AC2C92A5D300E26CC4 /* OnBoardingCollectionViewCell.xib */ = {isa = PBXFileReference; lastKnownFileType = file.xib; path = OnBoardingCollectionViewCell.xib; sourceTree = "<group>"; };
		29C585B42C92D90400E26CC4 /* RegisterUserViewController.swift */ = {isa = PBXFileReference; lastKnownFileType = sourcecode.swift; path = RegisterUserViewController.swift; sourceTree = "<group>"; };
		29EA98352C97E1D8001DB26A /* UIImageView.swift */ = {isa = PBXFileReference; lastKnownFileType = sourcecode.swift; path = UIImageView.swift; sourceTree = "<group>"; };
		29EA98382C9820F1001DB26A /* AboutUsSwiftUIView.swift */ = {isa = PBXFileReference; lastKnownFileType = sourcecode.swift; path = AboutUsSwiftUIView.swift; sourceTree = "<group>"; };
		29EA983A2C983E58001DB26A /* ActionSheet.swift */ = {isa = PBXFileReference; lastKnownFileType = sourcecode.swift; path = ActionSheet.swift; sourceTree = "<group>"; };
		662E1E6E2C91B3B300CBA8B3 /* BaseViewController.swift */ = {isa = PBXFileReference; lastKnownFileType = sourcecode.swift; path = BaseViewController.swift; sourceTree = "<group>"; };
		662E1E822C91B7A000CBA8B3 /* TaskDetailViewController.swift */ = {isa = PBXFileReference; lastKnownFileType = sourcecode.swift; path = TaskDetailViewController.swift; sourceTree = "<group>"; };
		662E1E832C91B7A000CBA8B3 /* TaskDetailViewController.xib */ = {isa = PBXFileReference; lastKnownFileType = file.xib; path = TaskDetailViewController.xib; sourceTree = "<group>"; };
		666B687A2C952D94003212AC /* ProfileViewController.swift */ = {isa = PBXFileReference; lastKnownFileType = sourcecode.swift; path = ProfileViewController.swift; sourceTree = "<group>"; };
/* End PBXFileReference section */

/* Begin PBXFrameworksBuildPhase section */
		2947C3612C9051BF00C9C3FF /* Frameworks */ = {
			isa = PBXFrameworksBuildPhase;
			buildActionMask = 2147483647;
			files = (
			);
			runOnlyForDeploymentPostprocessing = 0;
		};
/* End PBXFrameworksBuildPhase section */

/* Begin PBXGroup section */
		2947C35B2C9051BF00C9C3FF = {
			isa = PBXGroup;
			children = (
				2947C3662C9051BF00C9C3FF /* Remind Me */,
				2947C3652C9051BF00C9C3FF /* Products */,
			);
			sourceTree = "<group>";
		};
		2947C3652C9051BF00C9C3FF /* Products */ = {
			isa = PBXGroup;
			children = (
				2947C3642C9051BF00C9C3FF /* Remind Me.app */,
			);
			name = Products;
			sourceTree = "<group>";
		};
		2947C3662C9051BF00C9C3FF /* Remind Me */ = {
			isa = PBXGroup;
			children = (
				2947C3672C9051BF00C9C3FF /* AppDelegate.swift */,
				2947C3692C9051BF00C9C3FF /* SceneDelegate.swift */,
				2947C36D2C9051BF00C9C3FF /* Main.storyboard */,
				29C585A82C929B6900E26CC4 /* Models */,
				662E1E702C91B3FC00CBA8B3 /* Views */,
				29ABC07C2C93DAFB006FA486 /* Extensions */,
				662E1E6D2C91B39800CBA8B3 /* Ultilities */,
				662E1E712C91B41700CBA8B3 /* Resource */,
				2947C3722C9051C000C9C3FF /* LaunchScreen.storyboard */,
				2947C3752C9051C000C9C3FF /* Info.plist */,
			);
			path = "Remind Me";
			sourceTree = "<group>";
		};
		29ABC07C2C93DAFB006FA486 /* Extensions */ = {
			isa = PBXGroup;
			children = (
				29ABC07D2C93DB3B006FA486 /* UIViewExtension.swift */,
				29ABC07F2C93EB5E006FA486 /* UIButtonExtension.swift */,
				29EA98352C97E1D8001DB26A /* UIImageView.swift */,
			);
			path = Extensions;
			sourceTree = "<group>";
		};
		29C5859D2C92892B00E26CC4 /* Fonts */ = {
			isa = PBXGroup;
			children = (
				29C5859E2C9289CD00E26CC4 /* Poppins-Medium.ttf */,
				29C585A02C9289E300E26CC4 /* Poppins-SemiBold.ttf */,
				29C585A22C9289ED00E26CC4 /* Poppins-Light.ttf */,
			);
			path = Fonts;
			sourceTree = "<group>";
		};
		29C585A52C92953200E26CC4 /* IntroFlow */ = {
			isa = PBXGroup;
			children = (
				29C585A62C9295D500E26CC4 /* OnBoardingViewController.swift */,
				29C585AB2C92A5D300E26CC4 /* OnBoardingCollectionViewCell.swift */,
				29C585AC2C92A5D300E26CC4 /* OnBoardingCollectionViewCell.xib */,
			);
			path = IntroFlow;
			sourceTree = "<group>";
		};
		29C585A82C929B6900E26CC4 /* Models */ = {
			isa = PBXGroup;
			children = (
				29C585A92C929BA300E26CC4 /* OnboardingSlide.swift */,
			);
			path = Models;
			sourceTree = "<group>";
		};
		29C585AF2C92D1E600E26CC4 /* LoginRegisterUserFlow */ = {
			isa = PBXGroup;
			children = (
				29C585B42C92D90400E26CC4 /* RegisterUserViewController.swift */,
				29ABC0812C940058006FA486 /* LoginUserViewController.swift */,
			);
			path = LoginRegisterUserFlow;
			sourceTree = "<group>";
		};
		29EA98372C981E2E001DB26A /* AboutUs */ = {
			isa = PBXGroup;
			children = (
				29EA98382C9820F1001DB26A /* AboutUsSwiftUIView.swift */,
			);
			path = AboutUs;
			sourceTree = "<group>";
		};
		662E1E6D2C91B39800CBA8B3 /* Ultilities */ = {
			isa = PBXGroup;
			children = (
				662E1E6E2C91B3B300CBA8B3 /* BaseViewController.swift */,
				29EA983A2C983E58001DB26A /* ActionSheet.swift */,
			);
			path = Ultilities;
			sourceTree = "<group>";
		};
		662E1E702C91B3FC00CBA8B3 /* Views */ = {
			isa = PBXGroup;
			children = (
				29C585A52C92953200E26CC4 /* IntroFlow */,
				29C585AF2C92D1E600E26CC4 /* LoginRegisterUserFlow */,
				666B68792C952D68003212AC /* ProfileFlow */,
				662E1E732C91B60300CBA8B3 /* FeedFlow */,
				662E1E722C91B5F700CBA8B3 /* TodoListFlow */,
			);
			path = Views;
			sourceTree = "<group>";
		};
		662E1E712C91B41700CBA8B3 /* Resource */ = {
			isa = PBXGroup;
			children = (
				29C5859D2C92892B00E26CC4 /* Fonts */,
				2947C3702C9051C000C9C3FF /* Assets.xcassets */,
			);
			path = Resource;
			sourceTree = "<group>";
		};
		662E1E722C91B5F700CBA8B3 /* TodoListFlow */ = {
			isa = PBXGroup;
			children = (
				662E1E812C91B77300CBA8B3 /* TaskDetail */,
				292D73F82C94460E0069A2B1 /* TodoViewController.swift */,
			);
			path = TodoListFlow;
			sourceTree = "<group>";
		};
		662E1E732C91B60300CBA8B3 /* FeedFlow */ = {
			isa = PBXGroup;
			children = (
				292D73FA2C9446420069A2B1 /* FeedViewController.swift */,
			);
			path = FeedFlow;
			sourceTree = "<group>";
		};
		662E1E812C91B77300CBA8B3 /* TaskDetail */ = {
			isa = PBXGroup;
			children = (
				662E1E822C91B7A000CBA8B3 /* TaskDetailViewController.swift */,
				662E1E832C91B7A000CBA8B3 /* TaskDetailViewController.xib */,
			);
			path = TaskDetail;
			sourceTree = "<group>";
		};
		666B68792C952D68003212AC /* ProfileFlow */ = {
			isa = PBXGroup;
			children = (
				29EA98372C981E2E001DB26A /* AboutUs */,
				666B687A2C952D94003212AC /* ProfileViewController.swift */,
			);
			path = ProfileFlow;
			sourceTree = "<group>";
		};
/* End PBXGroup section */

/* Begin PBXNativeTarget section */
		2947C3632C9051BF00C9C3FF /* Remind Me */ = {
			isa = PBXNativeTarget;
			buildConfigurationList = 2947C3782C9051C000C9C3FF /* Build configuration list for PBXNativeTarget "Remind Me" */;
			buildPhases = (
				2947C3602C9051BF00C9C3FF /* Sources */,
				2947C3612C9051BF00C9C3FF /* Frameworks */,
				2947C3622C9051BF00C9C3FF /* Resources */,
			);
			buildRules = (
			);
			dependencies = (
			);
			name = "Remind Me";
			productName = "Remind Me";
			productReference = 2947C3642C9051BF00C9C3FF /* Remind Me.app */;
			productType = "com.apple.product-type.application";
		};
/* End PBXNativeTarget section */

/* Begin PBXProject section */
		2947C35C2C9051BF00C9C3FF /* Project object */ = {
			isa = PBXProject;
			attributes = {
				BuildIndependentTargetsInParallel = 1;
				LastSwiftUpdateCheck = 1540;
				LastUpgradeCheck = 1540;
				TargetAttributes = {
					2947C3632C9051BF00C9C3FF = {
						CreatedOnToolsVersion = 15.4;
					};
				};
			};
			buildConfigurationList = 2947C35F2C9051BF00C9C3FF /* Build configuration list for PBXProject "Remind Me" */;
			compatibilityVersion = "Xcode 14.0";
			developmentRegion = en;
			hasScannedForEncodings = 0;
			knownRegions = (
				en,
				Base,
			);
			mainGroup = 2947C35B2C9051BF00C9C3FF;
			productRefGroup = 2947C3652C9051BF00C9C3FF /* Products */;
			projectDirPath = "";
			projectRoot = "";
			targets = (
				2947C3632C9051BF00C9C3FF /* Remind Me */,
			);
		};
/* End PBXProject section */

/* Begin PBXResourcesBuildPhase section */
		2947C3622C9051BF00C9C3FF /* Resources */ = {
			isa = PBXResourcesBuildPhase;
			buildActionMask = 2147483647;
			files = (
				29C585A32C9289ED00E26CC4 /* Poppins-Light.ttf in Resources */,
				29C585AE2C92A5D300E26CC4 /* OnBoardingCollectionViewCell.xib in Resources */,
				2947C3712C9051C000C9C3FF /* Assets.xcassets in Resources */,
				2947C3742C9051C000C9C3FF /* Base in Resources */,
				29C5859F2C9289CD00E26CC4 /* Poppins-Medium.ttf in Resources */,
				29C585A12C9289E300E26CC4 /* Poppins-SemiBold.ttf in Resources */,
				662E1E842C91B7A000CBA8B3 /* TaskDetailViewController.xib in Resources */,
				2947C36F2C9051BF00C9C3FF /* Base in Resources */,
			);
			runOnlyForDeploymentPostprocessing = 0;
		};
/* End PBXResourcesBuildPhase section */

/* Begin PBXSourcesBuildPhase section */
		2947C3602C9051BF00C9C3FF /* Sources */ = {
			isa = PBXSourcesBuildPhase;
			buildActionMask = 2147483647;
			files = (
				662E1E6F2C91B3B300CBA8B3 /* BaseViewController.swift in Sources */,
				29EA983B2C983E58001DB26A /* ActionSheet.swift in Sources */,
				29EA98362C97E1D8001DB26A /* UIImageView.swift in Sources */,
				2947C3682C9051BF00C9C3FF /* AppDelegate.swift in Sources */,
				2947C36A2C9051BF00C9C3FF /* SceneDelegate.swift in Sources */,
				29C585AD2C92A5D300E26CC4 /* OnBoardingCollectionViewCell.swift in Sources */,
				666B687B2C952D94003212AC /* ProfileViewController.swift in Sources */,
				292D73F92C94460E0069A2B1 /* TodoViewController.swift in Sources */,
				29ABC07E2C93DB3B006FA486 /* UIViewExtension.swift in Sources */,
				29C585A72C9295D500E26CC4 /* OnBoardingViewController.swift in Sources */,
				29ABC0802C93EB5E006FA486 /* UIButtonExtension.swift in Sources */,
				29ABC0822C940058006FA486 /* LoginUserViewController.swift in Sources */,
				662E1E852C91B7A000CBA8B3 /* TaskDetailViewController.swift in Sources */,
				29EA98392C9820F1001DB26A /* AboutUsSwiftUIView.swift in Sources */,
				29C585AA2C929BA300E26CC4 /* OnboardingSlide.swift in Sources */,
				292D73FB2C9446420069A2B1 /* FeedViewController.swift in Sources */,
				29C585B52C92D90400E26CC4 /* RegisterUserViewController.swift in Sources */,
			);
			runOnlyForDeploymentPostprocessing = 0;
		};
/* End PBXSourcesBuildPhase section */

/* Begin PBXVariantGroup section */
		2947C36D2C9051BF00C9C3FF /* Main.storyboard */ = {
			isa = PBXVariantGroup;
			children = (
				2947C36E2C9051BF00C9C3FF /* Base */,
			);
			name = Main.storyboard;
			sourceTree = "<group>";
		};
		2947C3722C9051C000C9C3FF /* LaunchScreen.storyboard */ = {
			isa = PBXVariantGroup;
			children = (
				2947C3732C9051C000C9C3FF /* Base */,
			);
			name = LaunchScreen.storyboard;
			sourceTree = "<group>";
		};
/* End PBXVariantGroup section */

/* Begin XCBuildConfiguration section */
		2947C3762C9051C000C9C3FF /* Debug */ = {
			isa = XCBuildConfiguration;
			buildSettings = {
				ALWAYS_SEARCH_USER_PATHS = NO;
				ASSETCATALOG_COMPILER_GENERATE_SWIFT_ASSET_SYMBOL_EXTENSIONS = YES;
				CLANG_ANALYZER_NONNULL = YES;
				CLANG_ANALYZER_NUMBER_OBJECT_CONVERSION = YES_AGGRESSIVE;
				CLANG_CXX_LANGUAGE_STANDARD = "gnu++20";
				CLANG_ENABLE_MODULES = YES;
				CLANG_ENABLE_OBJC_ARC = YES;
				CLANG_ENABLE_OBJC_WEAK = YES;
				CLANG_WARN_BLOCK_CAPTURE_AUTORELEASING = YES;
				CLANG_WARN_BOOL_CONVERSION = YES;
				CLANG_WARN_COMMA = YES;
				CLANG_WARN_CONSTANT_CONVERSION = YES;
				CLANG_WARN_DEPRECATED_OBJC_IMPLEMENTATIONS = YES;
				CLANG_WARN_DIRECT_OBJC_ISA_USAGE = YES_ERROR;
				CLANG_WARN_DOCUMENTATION_COMMENTS = YES;
				CLANG_WARN_EMPTY_BODY = YES;
				CLANG_WARN_ENUM_CONVERSION = YES;
				CLANG_WARN_INFINITE_RECURSION = YES;
				CLANG_WARN_INT_CONVERSION = YES;
				CLANG_WARN_NON_LITERAL_NULL_CONVERSION = YES;
				CLANG_WARN_OBJC_IMPLICIT_RETAIN_SELF = YES;
				CLANG_WARN_OBJC_LITERAL_CONVERSION = YES;
				CLANG_WARN_OBJC_ROOT_CLASS = YES_ERROR;
				CLANG_WARN_QUOTED_INCLUDE_IN_FRAMEWORK_HEADER = YES;
				CLANG_WARN_RANGE_LOOP_ANALYSIS = YES;
				CLANG_WARN_STRICT_PROTOTYPES = YES;
				CLANG_WARN_SUSPICIOUS_MOVE = YES;
				CLANG_WARN_UNGUARDED_AVAILABILITY = YES_AGGRESSIVE;
				CLANG_WARN_UNREACHABLE_CODE = YES;
				CLANG_WARN__DUPLICATE_METHOD_MATCH = YES;
				COPY_PHASE_STRIP = NO;
				DEBUG_INFORMATION_FORMAT = dwarf;
				ENABLE_STRICT_OBJC_MSGSEND = YES;
				ENABLE_TESTABILITY = YES;
				ENABLE_USER_SCRIPT_SANDBOXING = YES;
				GCC_C_LANGUAGE_STANDARD = gnu17;
				GCC_DYNAMIC_NO_PIC = NO;
				GCC_NO_COMMON_BLOCKS = YES;
				GCC_OPTIMIZATION_LEVEL = 0;
				GCC_PREPROCESSOR_DEFINITIONS = (
					"DEBUG=1",
					"$(inherited)",
				);
				GCC_WARN_64_TO_32_BIT_CONVERSION = YES;
				GCC_WARN_ABOUT_RETURN_TYPE = YES_ERROR;
				GCC_WARN_UNDECLARED_SELECTOR = YES;
				GCC_WARN_UNINITIALIZED_AUTOS = YES_AGGRESSIVE;
				GCC_WARN_UNUSED_FUNCTION = YES;
				GCC_WARN_UNUSED_VARIABLE = YES;
				IPHONEOS_DEPLOYMENT_TARGET = 17.5;
				LOCALIZATION_PREFERS_STRING_CATALOGS = YES;
				MTL_ENABLE_DEBUG_INFO = INCLUDE_SOURCE;
				MTL_FAST_MATH = YES;
				ONLY_ACTIVE_ARCH = YES;
				SDKROOT = iphoneos;
				SWIFT_ACTIVE_COMPILATION_CONDITIONS = "DEBUG $(inherited)";
				SWIFT_OPTIMIZATION_LEVEL = "-Onone";
			};
			name = Debug;
		};
		2947C3772C9051C000C9C3FF /* Release */ = {
			isa = XCBuildConfiguration;
			buildSettings = {
				ALWAYS_SEARCH_USER_PATHS = NO;
				ASSETCATALOG_COMPILER_GENERATE_SWIFT_ASSET_SYMBOL_EXTENSIONS = YES;
				CLANG_ANALYZER_NONNULL = YES;
				CLANG_ANALYZER_NUMBER_OBJECT_CONVERSION = YES_AGGRESSIVE;
				CLANG_CXX_LANGUAGE_STANDARD = "gnu++20";
				CLANG_ENABLE_MODULES = YES;
				CLANG_ENABLE_OBJC_ARC = YES;
				CLANG_ENABLE_OBJC_WEAK = YES;
				CLANG_WARN_BLOCK_CAPTURE_AUTORELEASING = YES;
				CLANG_WARN_BOOL_CONVERSION = YES;
				CLANG_WARN_COMMA = YES;
				CLANG_WARN_CONSTANT_CONVERSION = YES;
				CLANG_WARN_DEPRECATED_OBJC_IMPLEMENTATIONS = YES;
				CLANG_WARN_DIRECT_OBJC_ISA_USAGE = YES_ERROR;
				CLANG_WARN_DOCUMENTATION_COMMENTS = YES;
				CLANG_WARN_EMPTY_BODY = YES;
				CLANG_WARN_ENUM_CONVERSION = YES;
				CLANG_WARN_INFINITE_RECURSION = YES;
				CLANG_WARN_INT_CONVERSION = YES;
				CLANG_WARN_NON_LITERAL_NULL_CONVERSION = YES;
				CLANG_WARN_OBJC_IMPLICIT_RETAIN_SELF = YES;
				CLANG_WARN_OBJC_LITERAL_CONVERSION = YES;
				CLANG_WARN_OBJC_ROOT_CLASS = YES_ERROR;
				CLANG_WARN_QUOTED_INCLUDE_IN_FRAMEWORK_HEADER = YES;
				CLANG_WARN_RANGE_LOOP_ANALYSIS = YES;
				CLANG_WARN_STRICT_PROTOTYPES = YES;
				CLANG_WARN_SUSPICIOUS_MOVE = YES;
				CLANG_WARN_UNGUARDED_AVAILABILITY = YES_AGGRESSIVE;
				CLANG_WARN_UNREACHABLE_CODE = YES;
				CLANG_WARN__DUPLICATE_METHOD_MATCH = YES;
				COPY_PHASE_STRIP = NO;
				DEBUG_INFORMATION_FORMAT = "dwarf-with-dsym";
				ENABLE_NS_ASSERTIONS = NO;
				ENABLE_STRICT_OBJC_MSGSEND = YES;
				ENABLE_USER_SCRIPT_SANDBOXING = YES;
				GCC_C_LANGUAGE_STANDARD = gnu17;
				GCC_NO_COMMON_BLOCKS = YES;
				GCC_WARN_64_TO_32_BIT_CONVERSION = YES;
				GCC_WARN_ABOUT_RETURN_TYPE = YES_ERROR;
				GCC_WARN_UNDECLARED_SELECTOR = YES;
				GCC_WARN_UNINITIALIZED_AUTOS = YES_AGGRESSIVE;
				GCC_WARN_UNUSED_FUNCTION = YES;
				GCC_WARN_UNUSED_VARIABLE = YES;
				IPHONEOS_DEPLOYMENT_TARGET = 17.5;
				LOCALIZATION_PREFERS_STRING_CATALOGS = YES;
				MTL_ENABLE_DEBUG_INFO = NO;
				MTL_FAST_MATH = YES;
				SDKROOT = iphoneos;
				SWIFT_COMPILATION_MODE = wholemodule;
				VALIDATE_PRODUCT = YES;
			};
			name = Release;
		};
		2947C3792C9051C000C9C3FF /* Debug */ = {
			isa = XCBuildConfiguration;
			buildSettings = {
				ASSETCATALOG_COMPILER_APPICON_NAME = AppIcon;
				ASSETCATALOG_COMPILER_GLOBAL_ACCENT_COLOR_NAME = AccentColor;
				CODE_SIGN_STYLE = Automatic;
				CURRENT_PROJECT_VERSION = 1;
				GENERATE_INFOPLIST_FILE = YES;
				INFOPLIST_FILE = "Remind Me/Info.plist";
				INFOPLIST_KEY_UIApplicationSupportsIndirectInputEvents = YES;
				INFOPLIST_KEY_UILaunchStoryboardName = LaunchScreen;
				INFOPLIST_KEY_UIMainStoryboardFile = Main;
				INFOPLIST_KEY_UISupportedInterfaceOrientations = UIInterfaceOrientationPortrait;
				IPHONEOS_DEPLOYMENT_TARGET = 15.0;
				LD_RUNPATH_SEARCH_PATHS = (
					"$(inherited)",
					"@executable_path/Frameworks",
				);
				MARKETING_VERSION = 1.0;
				PRODUCT_BUNDLE_IDENTIFIER = "huy.dang.S3Corp.Remind-Me";
				PRODUCT_NAME = "$(TARGET_NAME)";
				SUPPORTED_PLATFORMS = "iphoneos iphonesimulator";
				SUPPORTS_MACCATALYST = NO;
				SUPPORTS_MAC_DESIGNED_FOR_IPHONE_IPAD = NO;
				SUPPORTS_XR_DESIGNED_FOR_IPHONE_IPAD = NO;
				SWIFT_EMIT_LOC_STRINGS = YES;
				SWIFT_VERSION = 5.0;
				TARGETED_DEVICE_FAMILY = "1,2";
			};
			name = Debug;
		};
		2947C37A2C9051C000C9C3FF /* Release */ = {
			isa = XCBuildConfiguration;
			buildSettings = {
				ASSETCATALOG_COMPILER_APPICON_NAME = AppIcon;
				ASSETCATALOG_COMPILER_GLOBAL_ACCENT_COLOR_NAME = AccentColor;
				CODE_SIGN_STYLE = Automatic;
				CURRENT_PROJECT_VERSION = 1;
				GENERATE_INFOPLIST_FILE = YES;
				INFOPLIST_FILE = "Remind Me/Info.plist";
				INFOPLIST_KEY_UIApplicationSupportsIndirectInputEvents = YES;
				INFOPLIST_KEY_UILaunchStoryboardName = LaunchScreen;
				INFOPLIST_KEY_UIMainStoryboardFile = Main;
				INFOPLIST_KEY_UISupportedInterfaceOrientations = UIInterfaceOrientationPortrait;
				IPHONEOS_DEPLOYMENT_TARGET = 15.0;
				LD_RUNPATH_SEARCH_PATHS = (
					"$(inherited)",
					"@executable_path/Frameworks",
				);
				MARKETING_VERSION = 1.0;
				PRODUCT_BUNDLE_IDENTIFIER = "huy.dang.S3Corp.Remind-Me";
				PRODUCT_NAME = "$(TARGET_NAME)";
				SUPPORTED_PLATFORMS = "iphoneos iphonesimulator";
				SUPPORTS_MACCATALYST = NO;
				SUPPORTS_MAC_DESIGNED_FOR_IPHONE_IPAD = NO;
				SUPPORTS_XR_DESIGNED_FOR_IPHONE_IPAD = NO;
				SWIFT_EMIT_LOC_STRINGS = YES;
				SWIFT_VERSION = 5.0;
				TARGETED_DEVICE_FAMILY = "1,2";
			};
			name = Release;
		};
/* End XCBuildConfiguration section */

/* Begin XCConfigurationList section */
		2947C35F2C9051BF00C9C3FF /* Build configuration list for PBXProject "Remind Me" */ = {
			isa = XCConfigurationList;
			buildConfigurations = (
				2947C3762C9051C000C9C3FF /* Debug */,
				2947C3772C9051C000C9C3FF /* Release */,
			);
			defaultConfigurationIsVisible = 0;
			defaultConfigurationName = Release;
		};
		2947C3782C9051C000C9C3FF /* Build configuration list for PBXNativeTarget "Remind Me" */ = {
			isa = XCConfigurationList;
			buildConfigurations = (
				2947C3792C9051C000C9C3FF /* Debug */,
				2947C37A2C9051C000C9C3FF /* Release */,
			);
			defaultConfigurationIsVisible = 0;
			defaultConfigurationName = Release;
		};
/* End XCConfigurationList section */
	};
	rootObject = 2947C35C2C9051BF00C9C3FF /* Project object */;
}
